// !$*UTF8*$!
{
	archiveVersion = 1;
	classes = {
	};
	objectVersion = 55;
	objects = {

/* Begin PBXBuildFile section */
		281B818762DB472266D61C9C /* Pods_Words_Factory.framework in Frameworks */ = {isa = PBXBuildFile; fileRef = A0BA9D17DBD33FB43DD8B677 /* Pods_Words_Factory.framework */; };
		A91F54C627F92EE600D0DB85 /* UIViewController+Keyboard.swift in Sources */ = {isa = PBXBuildFile; fileRef = A91F54C527F92EE600D0DB85 /* UIViewController+Keyboard.swift */; };
		A91F54CC27F9352F00D0DB85 /* Word.swift in Sources */ = {isa = PBXBuildFile; fileRef = A91F54CB27F9352F00D0DB85 /* Word.swift */; };
		A91F54CE27F9355500D0DB85 /* Phonetic.swift in Sources */ = {isa = PBXBuildFile; fileRef = A91F54CD27F9355500D0DB85 /* Phonetic.swift */; };
		A91F54D027F9355E00D0DB85 /* Meaning.swift in Sources */ = {isa = PBXBuildFile; fileRef = A91F54CF27F9355E00D0DB85 /* Meaning.swift */; };
		A91F54D227F9356300D0DB85 /* Definition.swift in Sources */ = {isa = PBXBuildFile; fileRef = A91F54D127F9356300D0DB85 /* Definition.swift */; };
		A91F54D427F93F7D00D0DB85 /* MeaningsSectionViewModel.swift in Sources */ = {isa = PBXBuildFile; fileRef = A91F54D327F93F7D00D0DB85 /* MeaningsSectionViewModel.swift */; };
		A91F54D827F9554600D0DB85 /* WordsDatabase.xcdatamodeld in Sources */ = {isa = PBXBuildFile; fileRef = A91F54D627F9554500D0DB85 /* WordsDatabase.xcdatamodeld */; };
		A91F54E227F9573F00D0DB85 /* DefinitionCoreData+CoreDataClass.swift in Sources */ = {isa = PBXBuildFile; fileRef = A91F54DA27F9573F00D0DB85 /* DefinitionCoreData+CoreDataClass.swift */; };
		A91F54E327F9573F00D0DB85 /* DefinitionCoreData+CoreDataProperties.swift in Sources */ = {isa = PBXBuildFile; fileRef = A91F54DB27F9573F00D0DB85 /* DefinitionCoreData+CoreDataProperties.swift */; };
		A91F54E427F9573F00D0DB85 /* WordCoreData+CoreDataClass.swift in Sources */ = {isa = PBXBuildFile; fileRef = A91F54DC27F9573F00D0DB85 /* WordCoreData+CoreDataClass.swift */; };
		A91F54E527F9573F00D0DB85 /* WordCoreData+CoreDataProperties.swift in Sources */ = {isa = PBXBuildFile; fileRef = A91F54DD27F9573F00D0DB85 /* WordCoreData+CoreDataProperties.swift */; };
		A91F54E627F9573F00D0DB85 /* PhoneticCoreData+CoreDataClass.swift in Sources */ = {isa = PBXBuildFile; fileRef = A91F54DE27F9573F00D0DB85 /* PhoneticCoreData+CoreDataClass.swift */; };
		A91F54E727F9573F00D0DB85 /* PhoneticCoreData+CoreDataProperties.swift in Sources */ = {isa = PBXBuildFile; fileRef = A91F54DF27F9573F00D0DB85 /* PhoneticCoreData+CoreDataProperties.swift */; };
		A91F54E827F9573F00D0DB85 /* MeaningCoreData+CoreDataClass.swift in Sources */ = {isa = PBXBuildFile; fileRef = A91F54E027F9573F00D0DB85 /* MeaningCoreData+CoreDataClass.swift */; };
		A91F54E927F9573F00D0DB85 /* MeaningCoreData+CoreDataProperties.swift in Sources */ = {isa = PBXBuildFile; fileRef = A91F54E127F9573F00D0DB85 /* MeaningCoreData+CoreDataProperties.swift */; };
		A91F54ED27F95C1400D0DB85 /* WordsDataSource.swift in Sources */ = {isa = PBXBuildFile; fileRef = A91F54EC27F95C1400D0DB85 /* WordsDataSource.swift */; };
		A91F54F027F95D4A00D0DB85 /* CoreDataService.swift in Sources */ = {isa = PBXBuildFile; fileRef = A91F54EF27F95D4A00D0DB85 /* CoreDataService.swift */; };
		A91F54F227F95EA700D0DB85 /* WordsRepository.swift in Sources */ = {isa = PBXBuildFile; fileRef = A91F54F127F95EA700D0DB85 /* WordsRepository.swift */; };
		A91F54F427F95F1D00D0DB85 /* WordsDataRepository.swift in Sources */ = {isa = PBXBuildFile; fileRef = A91F54F327F95F1D00D0DB85 /* WordsDataRepository.swift */; };
		A91F54F827F987DD00D0DB85 /* AudioService.swift in Sources */ = {isa = PBXBuildFile; fileRef = A91F54F727F987DD00D0DB85 /* AudioService.swift */; };
		A93C148B27F00AA400299004 /* AppDelegate.swift in Sources */ = {isa = PBXBuildFile; fileRef = A93C148A27F00AA400299004 /* AppDelegate.swift */; };
		A93C148D27F00AA400299004 /* SceneDelegate.swift in Sources */ = {isa = PBXBuildFile; fileRef = A93C148C27F00AA400299004 /* SceneDelegate.swift */; };
		A93C149427F00AA500299004 /* Assets.xcassets in Resources */ = {isa = PBXBuildFile; fileRef = A93C149327F00AA500299004 /* Assets.xcassets */; };
		A93C149727F00AA500299004 /* LaunchScreen.storyboard in Resources */ = {isa = PBXBuildFile; fileRef = A93C149527F00AA500299004 /* LaunchScreen.storyboard */; };
		A93C674027F9ACD4008C2015 /* R.generated.swift in Sources */ = {isa = PBXBuildFile; fileRef = A93C673F27F9ACD4008C2015 /* R.generated.swift */; };
		A93C674F27F9C6BD008C2015 /* Onboarding.strings in Resources */ = {isa = PBXBuildFile; fileRef = A93C675127F9C6BD008C2015 /* Onboarding.strings */; };
		A93C675227F9C6C3008C2015 /* Dictionary.strings in Resources */ = {isa = PBXBuildFile; fileRef = A93C675427F9C6C3008C2015 /* Dictionary.strings */; };
		A93C675527F9C6C8008C2015 /* SignUp.strings in Resources */ = {isa = PBXBuildFile; fileRef = A93C675727F9C6C8008C2015 /* SignUp.strings */; };
		A93C675827F9C6CD008C2015 /* Localizable.strings in Resources */ = {isa = PBXBuildFile; fileRef = A93C675A27F9C6CD008C2015 /* Localizable.strings */; };
		A93C675D27F9C70C008C2015 /* AlertKeys.strings in Resources */ = {isa = PBXBuildFile; fileRef = A93C675C27F9C70C008C2015 /* AlertKeys.strings */; };
		A93C676127F9CAEF008C2015 /* Errors.strings in Resources */ = {isa = PBXBuildFile; fileRef = A93C676327F9CAEF008C2015 /* Errors.strings */; };
		A948A9A627F4C9CE00FB3658 /* SignUpViewModel.swift in Sources */ = {isa = PBXBuildFile; fileRef = A948A9A527F4C9CE00FB3658 /* SignUpViewModel.swift */; };
		A948A9A827F4CD4B00FB3658 /* UILabel+AppLabels.swift in Sources */ = {isa = PBXBuildFile; fileRef = A948A9A727F4CD4B00FB3658 /* UILabel+AppLabels.swift */; };
		A948A9AA27F4CF3D00FB3658 /* TextField.swift in Sources */ = {isa = PBXBuildFile; fileRef = A948A9A927F4CF3D00FB3658 /* TextField.swift */; };
		A9500E6227F50977001D50B4 /* Validator.swift in Sources */ = {isa = PBXBuildFile; fileRef = A9500E6127F50977001D50B4 /* Validator.swift */; };
		A9500E6427F50D27001D50B4 /* Errors.swift in Sources */ = {isa = PBXBuildFile; fileRef = A9500E6327F50D27001D50B4 /* Errors.swift */; };
		A9500E6627F518CA001D50B4 /* UIViewController+Alerts.swift in Sources */ = {isa = PBXBuildFile; fileRef = A9500E6527F518CA001D50B4 /* UIViewController+Alerts.swift */; };
		A9500E6927F64B20001D50B4 /* ActionTextField.swift in Sources */ = {isa = PBXBuildFile; fileRef = A9500E6827F64B20001D50B4 /* ActionTextField.swift */; };
		A9500E6B27F64C6A001D50B4 /* PasswordTextField.swift in Sources */ = {isa = PBXBuildFile; fileRef = A9500E6A27F64C6A001D50B4 /* PasswordTextField.swift */; };
		A9500E7127F663DA001D50B4 /* TopicView.swift in Sources */ = {isa = PBXBuildFile; fileRef = A9500E7027F663DA001D50B4 /* TopicView.swift */; };
		A9500E7327F663F2001D50B4 /* TopicViewModel.swift in Sources */ = {isa = PBXBuildFile; fileRef = A9500E7227F663F2001D50B4 /* TopicViewModel.swift */; };
		A966877427F10A2200B320B3 /* Dimensions.swift in Sources */ = {isa = PBXBuildFile; fileRef = A966877327F10A2200B320B3 /* Dimensions.swift */; };
		A966877627F10A3E00B320B3 /* UIFont+AppFonts.swift in Sources */ = {isa = PBXBuildFile; fileRef = A966877527F10A3E00B320B3 /* UIFont+AppFonts.swift */; };
		A966877B27F1142500B320B3 /* Rubik-Bold.ttf in Resources */ = {isa = PBXBuildFile; fileRef = A966877827F1142500B320B3 /* Rubik-Bold.ttf */; };
		A966877C27F1142500B320B3 /* Rubik-Regular.ttf in Resources */ = {isa = PBXBuildFile; fileRef = A966877927F1142500B320B3 /* Rubik-Regular.ttf */; };
		A966877D27F1142500B320B3 /* Rubik-Medium.ttf in Resources */ = {isa = PBXBuildFile; fileRef = A966877A27F1142500B320B3 /* Rubik-Medium.ttf */; };
		A966878127F1287D00B320B3 /* Dependencies.swift in Sources */ = {isa = PBXBuildFile; fileRef = A966878027F1287D00B320B3 /* Dependencies.swift */; };
		A966878327F1288800B320B3 /* NetworkService.swift in Sources */ = {isa = PBXBuildFile; fileRef = A966878227F1288800B320B3 /* NetworkService.swift */; };
		A966878627F129FE00B320B3 /* Coordinator.swift in Sources */ = {isa = PBXBuildFile; fileRef = A966878527F129FE00B320B3 /* Coordinator.swift */; };
		A966878827F12B1A00B320B3 /* AppCoordinator.swift in Sources */ = {isa = PBXBuildFile; fileRef = A966878727F12B1A00B320B3 /* AppCoordinator.swift */; };
		A966878C27F2104100B320B3 /* OnboardingCoordinator.swift in Sources */ = {isa = PBXBuildFile; fileRef = A966878B27F2104100B320B3 /* OnboardingCoordinator.swift */; };
		A966879227F215C300B320B3 /* OnboardingViewController.swift in Sources */ = {isa = PBXBuildFile; fileRef = A966879127F215C300B320B3 /* OnboardingViewController.swift */; };
		A966879427F215F100B320B3 /* OnboardingViewModel.swift in Sources */ = {isa = PBXBuildFile; fileRef = A966879327F215F100B320B3 /* OnboardingViewModel.swift */; };
		A966879627F2166400B320B3 /* PageControl.swift in Sources */ = {isa = PBXBuildFile; fileRef = A966879527F2166400B320B3 /* PageControl.swift */; };
		A966879827F2169D00B320B3 /* OnboardingPageCell.swift in Sources */ = {isa = PBXBuildFile; fileRef = A966879727F2169D00B320B3 /* OnboardingPageCell.swift */; };
		A966879A27F216C200B320B3 /* OnboardingPageCellViewModel.swift in Sources */ = {isa = PBXBuildFile; fileRef = A966879927F216C200B320B3 /* OnboardingPageCellViewModel.swift */; };
		A966879C27F216D600B320B3 /* TopicInfo.swift in Sources */ = {isa = PBXBuildFile; fileRef = A966879B27F216D600B320B3 /* TopicInfo.swift */; };
		A966879E27F219D800B320B3 /* StandartButton.swift in Sources */ = {isa = PBXBuildFile; fileRef = A966879D27F219D800B320B3 /* StandartButton.swift */; };
		A96687A327F2ADF800B320B3 /* SignUpViewController.swift in Sources */ = {isa = PBXBuildFile; fileRef = A96687A227F2ADF700B320B3 /* SignUpViewController.swift */; };
		A96687A527F2C00000B320B3 /* SignUpCoordinator.swift in Sources */ = {isa = PBXBuildFile; fileRef = A96687A427F2C00000B320B3 /* SignUpCoordinator.swift */; };
		A9B2478E27F690D500FCE45A /* TabBarCoordinator.swift in Sources */ = {isa = PBXBuildFile; fileRef = A9B2478D27F690D500FCE45A /* TabBarCoordinator.swift */; };
		A9B2479027F6916900FCE45A /* TabBarController.swift in Sources */ = {isa = PBXBuildFile; fileRef = A9B2478F27F6916900FCE45A /* TabBarController.swift */; };
		A9B2479227F6957C00FCE45A /* UINavigationController+AppNavigationControllers.swift in Sources */ = {isa = PBXBuildFile; fileRef = A9B2479127F6957C00FCE45A /* UINavigationController+AppNavigationControllers.swift */; };
		A9B2479727F6988800FCE45A /* DictionaryCoordinator.swift in Sources */ = {isa = PBXBuildFile; fileRef = A9B2479627F6988800FCE45A /* DictionaryCoordinator.swift */; };
		A9B2479927F6989400FCE45A /* TrainingCoordinator.swift in Sources */ = {isa = PBXBuildFile; fileRef = A9B2479827F6989400FCE45A /* TrainingCoordinator.swift */; };
		A9B2479B27F698A600FCE45A /* VideoCoordinator.swift in Sources */ = {isa = PBXBuildFile; fileRef = A9B2479A27F698A600FCE45A /* VideoCoordinator.swift */; };
		A9B247A027F6991B00FCE45A /* DictionaryViewController.swift in Sources */ = {isa = PBXBuildFile; fileRef = A9B2479F27F6991B00FCE45A /* DictionaryViewController.swift */; };
		A9B247A527F699BD00FCE45A /* DictionaryViewModel.swift in Sources */ = {isa = PBXBuildFile; fileRef = A9B247A427F699BD00FCE45A /* DictionaryViewModel.swift */; };
		A9B247A727F69A4F00FCE45A /* TrainingViewController.swift in Sources */ = {isa = PBXBuildFile; fileRef = A9B247A627F69A4F00FCE45A /* TrainingViewController.swift */; };
		A9B247A927F69A5B00FCE45A /* TrainingViewModel.swift in Sources */ = {isa = PBXBuildFile; fileRef = A9B247A827F69A5B00FCE45A /* TrainingViewModel.swift */; };
		A9B247AB27F69A7A00FCE45A /* VideoViewController.swift in Sources */ = {isa = PBXBuildFile; fileRef = A9B247AA27F69A7A00FCE45A /* VideoViewController.swift */; };
		A9B247AD27F69A8700FCE45A /* VideoViewModel.swift in Sources */ = {isa = PBXBuildFile; fileRef = A9B247AC27F69A8700FCE45A /* VideoViewModel.swift */; };
		A9B247B127F69FD300FCE45A /* TabBar.swift in Sources */ = {isa = PBXBuildFile; fileRef = A9B247B027F69FD300FCE45A /* TabBar.swift */; };
		A9B247B627F6CC8D00FCE45A /* WordDTO.swift in Sources */ = {isa = PBXBuildFile; fileRef = A9B247B527F6CC8D00FCE45A /* WordDTO.swift */; };
		A9B247B827F6CCB800FCE45A /* PhoneticDTO.swift in Sources */ = {isa = PBXBuildFile; fileRef = A9B247B727F6CCB800FCE45A /* PhoneticDTO.swift */; };
		A9B247BA27F6CCD200FCE45A /* MeaningDTO.swift in Sources */ = {isa = PBXBuildFile; fileRef = A9B247B927F6CCD200FCE45A /* MeaningDTO.swift */; };
		A9B247BC27F6CCE900FCE45A /* DefinitionDTO.swift in Sources */ = {isa = PBXBuildFile; fileRef = A9B247BB27F6CCE900FCE45A /* DefinitionDTO.swift */; };
		A9B247C027F7AB7C00FCE45A /* WordCell.swift in Sources */ = {isa = PBXBuildFile; fileRef = A9B247BF27F7AB7C00FCE45A /* WordCell.swift */; };
		A9B247C627F7AC3B00FCE45A /* MeaningsHeader.swift in Sources */ = {isa = PBXBuildFile; fileRef = A9B247C527F7AC3B00FCE45A /* MeaningsHeader.swift */; };
		A9B247C827F7AC4E00FCE45A /* DefinitionCell.swift in Sources */ = {isa = PBXBuildFile; fileRef = A9B247C727F7AC4E00FCE45A /* DefinitionCell.swift */; };
		A9B247CA27F8EAC300FCE45A /* ReuseIdentifiers.swift in Sources */ = {isa = PBXBuildFile; fileRef = A9B247C927F8EAC300FCE45A /* ReuseIdentifiers.swift */; };
		A9B247D527F8F76100FCE45A /* WordCellViewModel.swift in Sources */ = {isa = PBXBuildFile; fileRef = A9B247D427F8F76100FCE45A /* WordCellViewModel.swift */; };
		A9B247D727F8F93800FCE45A /* MeaningsHeaderViewModel.swift in Sources */ = {isa = PBXBuildFile; fileRef = A9B247D627F8F93800FCE45A /* MeaningsHeaderViewModel.swift */; };
		A9B247D927F8F9FB00FCE45A /* DefinitionCellViewModel.swift in Sources */ = {isa = PBXBuildFile; fileRef = A9B247D827F8F9FB00FCE45A /* DefinitionCellViewModel.swift */; };
/* End PBXBuildFile section */

/* Begin PBXFileReference section */
		1A40869135E60F5C3F38727C /* Pods-Words Factory.debug.xcconfig */ = {isa = PBXFileReference; includeInIndex = 1; lastKnownFileType = text.xcconfig; name = "Pods-Words Factory.debug.xcconfig"; path = "Target Support Files/Pods-Words Factory/Pods-Words Factory.debug.xcconfig"; sourceTree = "<group>"; };
		A0BA9D17DBD33FB43DD8B677 /* Pods_Words_Factory.framework */ = {isa = PBXFileReference; explicitFileType = wrapper.framework; includeInIndex = 0; path = Pods_Words_Factory.framework; sourceTree = BUILT_PRODUCTS_DIR; };
		A91F54C527F92EE600D0DB85 /* UIViewController+Keyboard.swift */ = {isa = PBXFileReference; lastKnownFileType = sourcecode.swift; path = "UIViewController+Keyboard.swift"; sourceTree = "<group>"; };
		A91F54CB27F9352F00D0DB85 /* Word.swift */ = {isa = PBXFileReference; lastKnownFileType = sourcecode.swift; path = Word.swift; sourceTree = "<group>"; };
		A91F54CD27F9355500D0DB85 /* Phonetic.swift */ = {isa = PBXFileReference; lastKnownFileType = sourcecode.swift; path = Phonetic.swift; sourceTree = "<group>"; };
		A91F54CF27F9355E00D0DB85 /* Meaning.swift */ = {isa = PBXFileReference; lastKnownFileType = sourcecode.swift; path = Meaning.swift; sourceTree = "<group>"; };
		A91F54D127F9356300D0DB85 /* Definition.swift */ = {isa = PBXFileReference; lastKnownFileType = sourcecode.swift; path = Definition.swift; sourceTree = "<group>"; };
		A91F54D327F93F7D00D0DB85 /* MeaningsSectionViewModel.swift */ = {isa = PBXFileReference; lastKnownFileType = sourcecode.swift; path = MeaningsSectionViewModel.swift; sourceTree = "<group>"; };
		A91F54D727F9554600D0DB85 /* WordsDatabase.xcdatamodel */ = {isa = PBXFileReference; lastKnownFileType = wrapper.xcdatamodel; path = WordsDatabase.xcdatamodel; sourceTree = "<group>"; };
		A91F54DA27F9573F00D0DB85 /* DefinitionCoreData+CoreDataClass.swift */ = {isa = PBXFileReference; lastKnownFileType = sourcecode.swift; path = "DefinitionCoreData+CoreDataClass.swift"; sourceTree = "<group>"; };
		A91F54DB27F9573F00D0DB85 /* DefinitionCoreData+CoreDataProperties.swift */ = {isa = PBXFileReference; lastKnownFileType = sourcecode.swift; path = "DefinitionCoreData+CoreDataProperties.swift"; sourceTree = "<group>"; };
		A91F54DC27F9573F00D0DB85 /* WordCoreData+CoreDataClass.swift */ = {isa = PBXFileReference; lastKnownFileType = sourcecode.swift; path = "WordCoreData+CoreDataClass.swift"; sourceTree = "<group>"; };
		A91F54DD27F9573F00D0DB85 /* WordCoreData+CoreDataProperties.swift */ = {isa = PBXFileReference; lastKnownFileType = sourcecode.swift; path = "WordCoreData+CoreDataProperties.swift"; sourceTree = "<group>"; };
		A91F54DE27F9573F00D0DB85 /* PhoneticCoreData+CoreDataClass.swift */ = {isa = PBXFileReference; lastKnownFileType = sourcecode.swift; path = "PhoneticCoreData+CoreDataClass.swift"; sourceTree = "<group>"; };
		A91F54DF27F9573F00D0DB85 /* PhoneticCoreData+CoreDataProperties.swift */ = {isa = PBXFileReference; lastKnownFileType = sourcecode.swift; path = "PhoneticCoreData+CoreDataProperties.swift"; sourceTree = "<group>"; };
		A91F54E027F9573F00D0DB85 /* MeaningCoreData+CoreDataClass.swift */ = {isa = PBXFileReference; lastKnownFileType = sourcecode.swift; path = "MeaningCoreData+CoreDataClass.swift"; sourceTree = "<group>"; };
		A91F54E127F9573F00D0DB85 /* MeaningCoreData+CoreDataProperties.swift */ = {isa = PBXFileReference; lastKnownFileType = sourcecode.swift; path = "MeaningCoreData+CoreDataProperties.swift"; sourceTree = "<group>"; };
		A91F54EC27F95C1400D0DB85 /* WordsDataSource.swift */ = {isa = PBXFileReference; lastKnownFileType = sourcecode.swift; path = WordsDataSource.swift; sourceTree = "<group>"; };
		A91F54EF27F95D4A00D0DB85 /* CoreDataService.swift */ = {isa = PBXFileReference; lastKnownFileType = sourcecode.swift; path = CoreDataService.swift; sourceTree = "<group>"; };
		A91F54F127F95EA700D0DB85 /* WordsRepository.swift */ = {isa = PBXFileReference; lastKnownFileType = sourcecode.swift; path = WordsRepository.swift; sourceTree = "<group>"; };
		A91F54F327F95F1D00D0DB85 /* WordsDataRepository.swift */ = {isa = PBXFileReference; lastKnownFileType = sourcecode.swift; path = WordsDataRepository.swift; sourceTree = "<group>"; };
		A91F54F727F987DD00D0DB85 /* AudioService.swift */ = {isa = PBXFileReference; lastKnownFileType = sourcecode.swift; path = AudioService.swift; sourceTree = "<group>"; };
		A93C148727F00AA400299004 /* Words Factory.app */ = {isa = PBXFileReference; explicitFileType = wrapper.application; includeInIndex = 0; path = "Words Factory.app"; sourceTree = BUILT_PRODUCTS_DIR; };
		A93C148A27F00AA400299004 /* AppDelegate.swift */ = {isa = PBXFileReference; lastKnownFileType = sourcecode.swift; path = AppDelegate.swift; sourceTree = "<group>"; };
		A93C148C27F00AA400299004 /* SceneDelegate.swift */ = {isa = PBXFileReference; lastKnownFileType = sourcecode.swift; path = SceneDelegate.swift; sourceTree = "<group>"; };
		A93C149327F00AA500299004 /* Assets.xcassets */ = {isa = PBXFileReference; lastKnownFileType = folder.assetcatalog; path = Assets.xcassets; sourceTree = "<group>"; };
		A93C149627F00AA500299004 /* Base */ = {isa = PBXFileReference; lastKnownFileType = file.storyboard; name = Base; path = Base.lproj/LaunchScreen.storyboard; sourceTree = "<group>"; };
		A93C149827F00AA500299004 /* Info.plist */ = {isa = PBXFileReference; lastKnownFileType = text.plist.xml; path = Info.plist; sourceTree = "<group>"; };
		A93C673F27F9ACD4008C2015 /* R.generated.swift */ = {isa = PBXFileReference; fileEncoding = 4; lastKnownFileType = sourcecode.swift; path = R.generated.swift; sourceTree = SOURCE_ROOT; };
		A93C675027F9C6BD008C2015 /* en */ = {isa = PBXFileReference; lastKnownFileType = text.plist.strings; name = en; path = en.lproj/Onboarding.strings; sourceTree = "<group>"; };
		A93C675327F9C6C3008C2015 /* en */ = {isa = PBXFileReference; lastKnownFileType = text.plist.strings; name = en; path = en.lproj/Dictionary.strings; sourceTree = "<group>"; };
		A93C675627F9C6C8008C2015 /* en */ = {isa = PBXFileReference; lastKnownFileType = text.plist.strings; name = en; path = en.lproj/SignUp.strings; sourceTree = "<group>"; };
		A93C675927F9C6CD008C2015 /* en */ = {isa = PBXFileReference; lastKnownFileType = text.plist.strings; name = en; path = en.lproj/Localizable.strings; sourceTree = "<group>"; };
		A93C675C27F9C70C008C2015 /* AlertKeys.strings */ = {isa = PBXFileReference; lastKnownFileType = text.plist.strings; path = AlertKeys.strings; sourceTree = "<group>"; };
		A93C676227F9CAEF008C2015 /* en */ = {isa = PBXFileReference; lastKnownFileType = text.plist.strings; name = en; path = en.lproj/Errors.strings; sourceTree = "<group>"; };
		A948A9A527F4C9CE00FB3658 /* SignUpViewModel.swift */ = {isa = PBXFileReference; lastKnownFileType = sourcecode.swift; path = SignUpViewModel.swift; sourceTree = "<group>"; };
		A948A9A727F4CD4B00FB3658 /* UILabel+AppLabels.swift */ = {isa = PBXFileReference; lastKnownFileType = sourcecode.swift; path = "UILabel+AppLabels.swift"; sourceTree = "<group>"; };
		A948A9A927F4CF3D00FB3658 /* TextField.swift */ = {isa = PBXFileReference; lastKnownFileType = sourcecode.swift; path = TextField.swift; sourceTree = "<group>"; };
		A9500E6127F50977001D50B4 /* Validator.swift */ = {isa = PBXFileReference; lastKnownFileType = sourcecode.swift; path = Validator.swift; sourceTree = "<group>"; };
		A9500E6327F50D27001D50B4 /* Errors.swift */ = {isa = PBXFileReference; lastKnownFileType = sourcecode.swift; path = Errors.swift; sourceTree = "<group>"; };
		A9500E6527F518CA001D50B4 /* UIViewController+Alerts.swift */ = {isa = PBXFileReference; lastKnownFileType = sourcecode.swift; path = "UIViewController+Alerts.swift"; sourceTree = "<group>"; };
		A9500E6827F64B20001D50B4 /* ActionTextField.swift */ = {isa = PBXFileReference; lastKnownFileType = sourcecode.swift; path = ActionTextField.swift; sourceTree = "<group>"; };
		A9500E6A27F64C6A001D50B4 /* PasswordTextField.swift */ = {isa = PBXFileReference; lastKnownFileType = sourcecode.swift; path = PasswordTextField.swift; sourceTree = "<group>"; };
		A9500E7027F663DA001D50B4 /* TopicView.swift */ = {isa = PBXFileReference; lastKnownFileType = sourcecode.swift; path = TopicView.swift; sourceTree = "<group>"; };
		A9500E7227F663F2001D50B4 /* TopicViewModel.swift */ = {isa = PBXFileReference; lastKnownFileType = sourcecode.swift; path = TopicViewModel.swift; sourceTree = "<group>"; };
		A966877327F10A2200B320B3 /* Dimensions.swift */ = {isa = PBXFileReference; lastKnownFileType = sourcecode.swift; path = Dimensions.swift; sourceTree = "<group>"; };
		A966877527F10A3E00B320B3 /* UIFont+AppFonts.swift */ = {isa = PBXFileReference; lastKnownFileType = sourcecode.swift; path = "UIFont+AppFonts.swift"; sourceTree = "<group>"; };
		A966877827F1142500B320B3 /* Rubik-Bold.ttf */ = {isa = PBXFileReference; lastKnownFileType = file; path = "Rubik-Bold.ttf"; sourceTree = "<group>"; };
		A966877927F1142500B320B3 /* Rubik-Regular.ttf */ = {isa = PBXFileReference; lastKnownFileType = file; path = "Rubik-Regular.ttf"; sourceTree = "<group>"; };
		A966877A27F1142500B320B3 /* Rubik-Medium.ttf */ = {isa = PBXFileReference; lastKnownFileType = file; path = "Rubik-Medium.ttf"; sourceTree = "<group>"; };
		A966878027F1287D00B320B3 /* Dependencies.swift */ = {isa = PBXFileReference; lastKnownFileType = sourcecode.swift; path = Dependencies.swift; sourceTree = "<group>"; };
		A966878227F1288800B320B3 /* NetworkService.swift */ = {isa = PBXFileReference; lastKnownFileType = sourcecode.swift; path = NetworkService.swift; sourceTree = "<group>"; };
		A966878527F129FE00B320B3 /* Coordinator.swift */ = {isa = PBXFileReference; lastKnownFileType = sourcecode.swift; path = Coordinator.swift; sourceTree = "<group>"; };
		A966878727F12B1A00B320B3 /* AppCoordinator.swift */ = {isa = PBXFileReference; lastKnownFileType = sourcecode.swift; path = AppCoordinator.swift; sourceTree = "<group>"; };
		A966878B27F2104100B320B3 /* OnboardingCoordinator.swift */ = {isa = PBXFileReference; lastKnownFileType = sourcecode.swift; path = OnboardingCoordinator.swift; sourceTree = "<group>"; };
		A966879127F215C300B320B3 /* OnboardingViewController.swift */ = {isa = PBXFileReference; lastKnownFileType = sourcecode.swift; path = OnboardingViewController.swift; sourceTree = "<group>"; };
		A966879327F215F100B320B3 /* OnboardingViewModel.swift */ = {isa = PBXFileReference; lastKnownFileType = sourcecode.swift; path = OnboardingViewModel.swift; sourceTree = "<group>"; };
		A966879527F2166400B320B3 /* PageControl.swift */ = {isa = PBXFileReference; lastKnownFileType = sourcecode.swift; path = PageControl.swift; sourceTree = "<group>"; };
		A966879727F2169D00B320B3 /* OnboardingPageCell.swift */ = {isa = PBXFileReference; lastKnownFileType = sourcecode.swift; path = OnboardingPageCell.swift; sourceTree = "<group>"; };
		A966879927F216C200B320B3 /* OnboardingPageCellViewModel.swift */ = {isa = PBXFileReference; lastKnownFileType = sourcecode.swift; path = OnboardingPageCellViewModel.swift; sourceTree = "<group>"; };
		A966879B27F216D600B320B3 /* TopicInfo.swift */ = {isa = PBXFileReference; lastKnownFileType = sourcecode.swift; path = TopicInfo.swift; sourceTree = "<group>"; };
		A966879D27F219D800B320B3 /* StandartButton.swift */ = {isa = PBXFileReference; lastKnownFileType = sourcecode.swift; path = StandartButton.swift; sourceTree = "<group>"; };
		A96687A227F2ADF700B320B3 /* SignUpViewController.swift */ = {isa = PBXFileReference; lastKnownFileType = sourcecode.swift; path = SignUpViewController.swift; sourceTree = "<group>"; };
		A96687A427F2C00000B320B3 /* SignUpCoordinator.swift */ = {isa = PBXFileReference; lastKnownFileType = sourcecode.swift; path = SignUpCoordinator.swift; sourceTree = "<group>"; };
		A9B2478D27F690D500FCE45A /* TabBarCoordinator.swift */ = {isa = PBXFileReference; lastKnownFileType = sourcecode.swift; path = TabBarCoordinator.swift; sourceTree = "<group>"; };
		A9B2478F27F6916900FCE45A /* TabBarController.swift */ = {isa = PBXFileReference; lastKnownFileType = sourcecode.swift; path = TabBarController.swift; sourceTree = "<group>"; };
		A9B2479127F6957C00FCE45A /* UINavigationController+AppNavigationControllers.swift */ = {isa = PBXFileReference; lastKnownFileType = sourcecode.swift; path = "UINavigationController+AppNavigationControllers.swift"; sourceTree = "<group>"; };
		A9B2479627F6988800FCE45A /* DictionaryCoordinator.swift */ = {isa = PBXFileReference; lastKnownFileType = sourcecode.swift; path = DictionaryCoordinator.swift; sourceTree = "<group>"; };
		A9B2479827F6989400FCE45A /* TrainingCoordinator.swift */ = {isa = PBXFileReference; lastKnownFileType = sourcecode.swift; path = TrainingCoordinator.swift; sourceTree = "<group>"; };
		A9B2479A27F698A600FCE45A /* VideoCoordinator.swift */ = {isa = PBXFileReference; lastKnownFileType = sourcecode.swift; path = VideoCoordinator.swift; sourceTree = "<group>"; };
		A9B2479F27F6991B00FCE45A /* DictionaryViewController.swift */ = {isa = PBXFileReference; lastKnownFileType = sourcecode.swift; path = DictionaryViewController.swift; sourceTree = "<group>"; };
		A9B247A427F699BD00FCE45A /* DictionaryViewModel.swift */ = {isa = PBXFileReference; lastKnownFileType = sourcecode.swift; path = DictionaryViewModel.swift; sourceTree = "<group>"; };
		A9B247A627F69A4F00FCE45A /* TrainingViewController.swift */ = {isa = PBXFileReference; lastKnownFileType = sourcecode.swift; path = TrainingViewController.swift; sourceTree = "<group>"; };
		A9B247A827F69A5B00FCE45A /* TrainingViewModel.swift */ = {isa = PBXFileReference; lastKnownFileType = sourcecode.swift; path = TrainingViewModel.swift; sourceTree = "<group>"; };
		A9B247AA27F69A7A00FCE45A /* VideoViewController.swift */ = {isa = PBXFileReference; lastKnownFileType = sourcecode.swift; path = VideoViewController.swift; sourceTree = "<group>"; };
		A9B247AC27F69A8700FCE45A /* VideoViewModel.swift */ = {isa = PBXFileReference; lastKnownFileType = sourcecode.swift; path = VideoViewModel.swift; sourceTree = "<group>"; };
		A9B247B027F69FD300FCE45A /* TabBar.swift */ = {isa = PBXFileReference; lastKnownFileType = sourcecode.swift; path = TabBar.swift; sourceTree = "<group>"; };
		A9B247B527F6CC8D00FCE45A /* WordDTO.swift */ = {isa = PBXFileReference; lastKnownFileType = sourcecode.swift; path = WordDTO.swift; sourceTree = "<group>"; };
		A9B247B727F6CCB800FCE45A /* PhoneticDTO.swift */ = {isa = PBXFileReference; lastKnownFileType = sourcecode.swift; path = PhoneticDTO.swift; sourceTree = "<group>"; };
		A9B247B927F6CCD200FCE45A /* MeaningDTO.swift */ = {isa = PBXFileReference; lastKnownFileType = sourcecode.swift; path = MeaningDTO.swift; sourceTree = "<group>"; };
		A9B247BB27F6CCE900FCE45A /* DefinitionDTO.swift */ = {isa = PBXFileReference; lastKnownFileType = sourcecode.swift; path = DefinitionDTO.swift; sourceTree = "<group>"; };
		A9B247BF27F7AB7C00FCE45A /* WordCell.swift */ = {isa = PBXFileReference; lastKnownFileType = sourcecode.swift; path = WordCell.swift; sourceTree = "<group>"; };
		A9B247C527F7AC3B00FCE45A /* MeaningsHeader.swift */ = {isa = PBXFileReference; lastKnownFileType = sourcecode.swift; path = MeaningsHeader.swift; sourceTree = "<group>"; };
		A9B247C727F7AC4E00FCE45A /* DefinitionCell.swift */ = {isa = PBXFileReference; lastKnownFileType = sourcecode.swift; path = DefinitionCell.swift; sourceTree = "<group>"; };
		A9B247C927F8EAC300FCE45A /* ReuseIdentifiers.swift */ = {isa = PBXFileReference; lastKnownFileType = sourcecode.swift; path = ReuseIdentifiers.swift; sourceTree = "<group>"; };
		A9B247D427F8F76100FCE45A /* WordCellViewModel.swift */ = {isa = PBXFileReference; lastKnownFileType = sourcecode.swift; path = WordCellViewModel.swift; sourceTree = "<group>"; };
		A9B247D627F8F93800FCE45A /* MeaningsHeaderViewModel.swift */ = {isa = PBXFileReference; lastKnownFileType = sourcecode.swift; path = MeaningsHeaderViewModel.swift; sourceTree = "<group>"; };
		A9B247D827F8F9FB00FCE45A /* DefinitionCellViewModel.swift */ = {isa = PBXFileReference; lastKnownFileType = sourcecode.swift; path = DefinitionCellViewModel.swift; sourceTree = "<group>"; };
		EA3F547F9916CF3CB09DCAF9 /* Pods-Words Factory.release.xcconfig */ = {isa = PBXFileReference; includeInIndex = 1; lastKnownFileType = text.xcconfig; name = "Pods-Words Factory.release.xcconfig"; path = "Target Support Files/Pods-Words Factory/Pods-Words Factory.release.xcconfig"; sourceTree = "<group>"; };
/* End PBXFileReference section */

/* Begin PBXFrameworksBuildPhase section */
		A93C148427F00AA400299004 /* Frameworks */ = {
			isa = PBXFrameworksBuildPhase;
			buildActionMask = 2147483647;
			files = (
				281B818762DB472266D61C9C /* Pods_Words_Factory.framework in Frameworks */,
			);
			runOnlyForDeploymentPostprocessing = 0;
		};
/* End PBXFrameworksBuildPhase section */

/* Begin PBXGroup section */
		7EEF967752E61CB05740D189 /* Pods */ = {
			isa = PBXGroup;
			children = (
				1A40869135E60F5C3F38727C /* Pods-Words Factory.debug.xcconfig */,
				EA3F547F9916CF3CB09DCAF9 /* Pods-Words Factory.release.xcconfig */,
			);
			path = Pods;
			sourceTree = "<group>";
		};
		89A8DEBD0CC243E2E4012954 /* Frameworks */ = {
			isa = PBXGroup;
			children = (
				A0BA9D17DBD33FB43DD8B677 /* Pods_Words_Factory.framework */,
			);
			name = Frameworks;
			sourceTree = "<group>";
		};
		A91F54C727F92F2400D0DB85 /* UIViewController */ = {
			isa = PBXGroup;
			children = (
				A91F54C527F92EE600D0DB85 /* UIViewController+Keyboard.swift */,
				A9500E6527F518CA001D50B4 /* UIViewController+Alerts.swift */,
			);
			path = UIViewController;
			sourceTree = "<group>";
		};
		A91F54C827F9348D00D0DB85 /* Models */ = {
			isa = PBXGroup;
			children = (
				A91F54C927F934AE00D0DB85 /* DomainModel */,
				A9B247B327F6CC6800FCE45A /* DTO */,
				A91F54D527F9546D00D0DB85 /* CoreData */,
				A966877F27F1287200B320B3 /* Services */,
			);
			path = Models;
			sourceTree = "<group>";
		};
		A91F54C927F934AE00D0DB85 /* DomainModel */ = {
			isa = PBXGroup;
			children = (
				A91F54CA27F934C500D0DB85 /* Word */,
			);
			path = DomainModel;
			sourceTree = "<group>";
		};
		A91F54CA27F934C500D0DB85 /* Word */ = {
			isa = PBXGroup;
			children = (
				A91F54CB27F9352F00D0DB85 /* Word.swift */,
				A91F54CD27F9355500D0DB85 /* Phonetic.swift */,
				A91F54CF27F9355E00D0DB85 /* Meaning.swift */,
				A91F54D127F9356300D0DB85 /* Definition.swift */,
			);
			path = Word;
			sourceTree = "<group>";
		};
		A91F54D527F9546D00D0DB85 /* CoreData */ = {
			isa = PBXGroup;
			children = (
				A91F54D927F956E900D0DB85 /* CoreData Entities */,
				A91F54D627F9554500D0DB85 /* WordsDatabase.xcdatamodeld */,
			);
			path = CoreData;
			sourceTree = "<group>";
		};
		A91F54D927F956E900D0DB85 /* CoreData Entities */ = {
			isa = PBXGroup;
			children = (
				A91F54DA27F9573F00D0DB85 /* DefinitionCoreData+CoreDataClass.swift */,
				A91F54DB27F9573F00D0DB85 /* DefinitionCoreData+CoreDataProperties.swift */,
				A91F54DC27F9573F00D0DB85 /* WordCoreData+CoreDataClass.swift */,
				A91F54DD27F9573F00D0DB85 /* WordCoreData+CoreDataProperties.swift */,
				A91F54DE27F9573F00D0DB85 /* PhoneticCoreData+CoreDataClass.swift */,
				A91F54DF27F9573F00D0DB85 /* PhoneticCoreData+CoreDataProperties.swift */,
				A91F54E027F9573F00D0DB85 /* MeaningCoreData+CoreDataClass.swift */,
				A91F54E127F9573F00D0DB85 /* MeaningCoreData+CoreDataProperties.swift */,
			);
			path = "CoreData Entities";
			sourceTree = "<group>";
		};
		A91F54EA27F95BD700D0DB85 /* Data */ = {
			isa = PBXGroup;
			children = (
				A91F54EE27F95D3700D0DB85 /* Repository */,
				A91F54EB27F95BE200D0DB85 /* DataSource */,
			);
			path = Data;
			sourceTree = "<group>";
		};
		A91F54EB27F95BE200D0DB85 /* DataSource */ = {
			isa = PBXGroup;
			children = (
				A91F54EC27F95C1400D0DB85 /* WordsDataSource.swift */,
				A91F54EF27F95D4A00D0DB85 /* CoreDataService.swift */,
				A966878227F1288800B320B3 /* NetworkService.swift */,
			);
			path = DataSource;
			sourceTree = "<group>";
		};
		A91F54EE27F95D3700D0DB85 /* Repository */ = {
			isa = PBXGroup;
			children = (
				A91F54F127F95EA700D0DB85 /* WordsRepository.swift */,
				A91F54F327F95F1D00D0DB85 /* WordsDataRepository.swift */,
			);
			path = Repository;
			sourceTree = "<group>";
		};
		A93C147E27F00AA400299004 = {
			isa = PBXGroup;
			children = (
				A93C148927F00AA400299004 /* Words Factory */,
				A93C148827F00AA400299004 /* Products */,
				7EEF967752E61CB05740D189 /* Pods */,
				89A8DEBD0CC243E2E4012954 /* Frameworks */,
			);
			sourceTree = "<group>";
		};
		A93C148827F00AA400299004 /* Products */ = {
			isa = PBXGroup;
			children = (
				A93C148727F00AA400299004 /* Words Factory.app */,
			);
			name = Products;
			sourceTree = "<group>";
		};
		A93C148927F00AA400299004 /* Words Factory */ = {
			isa = PBXGroup;
			children = (
				A91F54C827F9348D00D0DB85 /* Models */,
				A966878427F129E200B320B3 /* Support */,
				A966877727F1140E00B320B3 /* Fonts */,
				A966876B27F1096800B320B3 /* Scenes */,
				A93C148A27F00AA400299004 /* AppDelegate.swift */,
				A93C148C27F00AA400299004 /* SceneDelegate.swift */,
				A93C149327F00AA500299004 /* Assets.xcassets */,
				A93C149827F00AA500299004 /* Info.plist */,
				A93C673F27F9ACD4008C2015 /* R.generated.swift */,
			);
			path = "Words Factory";
			sourceTree = "<group>";
		};
		A93C674327F9BE1F008C2015 /* Strings */ = {
			isa = PBXGroup;
			children = (
				A93C675E27F9C7E9008C2015 /* Errors */,
				A93C675B27F9C6EA008C2015 /* AlertKeys */,
				A93C674A27F9C1AF008C2015 /* SignUp */,
				A93C674727F9C165008C2015 /* Dictionary */,
				A93C674427F9C064008C2015 /* Onboarding */,
				A93C675A27F9C6CD008C2015 /* Localizable.strings */,
			);
			path = Strings;
			sourceTree = "<group>";
		};
		A93C674427F9C064008C2015 /* Onboarding */ = {
			isa = PBXGroup;
			children = (
				A93C675127F9C6BD008C2015 /* Onboarding.strings */,
			);
			path = Onboarding;
			sourceTree = "<group>";
		};
		A93C674727F9C165008C2015 /* Dictionary */ = {
			isa = PBXGroup;
			children = (
				A93C675427F9C6C3008C2015 /* Dictionary.strings */,
			);
			path = Dictionary;
			sourceTree = "<group>";
		};
		A93C674A27F9C1AF008C2015 /* SignUp */ = {
			isa = PBXGroup;
			children = (
				A93C675727F9C6C8008C2015 /* SignUp.strings */,
			);
			path = SignUp;
			sourceTree = "<group>";
		};
		A93C675B27F9C6EA008C2015 /* AlertKeys */ = {
			isa = PBXGroup;
			children = (
				A93C675C27F9C70C008C2015 /* AlertKeys.strings */,
			);
			path = AlertKeys;
			sourceTree = "<group>";
		};
		A93C675E27F9C7E9008C2015 /* Errors */ = {
			isa = PBXGroup;
			children = (
				A93C676327F9CAEF008C2015 /* Errors.strings */,
			);
			path = Errors;
			sourceTree = "<group>";
		};
		A948A9A327F4C9AD00FB3658 /* ViewModel */ = {
			isa = PBXGroup;
			children = (
				A948A9A527F4C9CE00FB3658 /* SignUpViewModel.swift */,
			);
			path = ViewModel;
			sourceTree = "<group>";
		};
		A9500E6727F643F9001D50B4 /* TextFields */ = {
			isa = PBXGroup;
			children = (
				A948A9A927F4CF3D00FB3658 /* TextField.swift */,
				A9500E6827F64B20001D50B4 /* ActionTextField.swift */,
				A9500E6A27F64C6A001D50B4 /* PasswordTextField.swift */,
			);
			path = TextFields;
			sourceTree = "<group>";
		};
		A9500E6C27F663A3001D50B4 /* Topic */ = {
			isa = PBXGroup;
			children = (
				A9500E6F27F663BF001D50B4 /* Model */,
				A9500E6E27F663BA001D50B4 /* ViewModel */,
				A9500E6D27F663B4001D50B4 /* View */,
			);
			path = Topic;
			sourceTree = "<group>";
		};
		A9500E6D27F663B4001D50B4 /* View */ = {
			isa = PBXGroup;
			children = (
				A9500E7027F663DA001D50B4 /* TopicView.swift */,
			);
			path = View;
			sourceTree = "<group>";
		};
		A9500E6E27F663BA001D50B4 /* ViewModel */ = {
			isa = PBXGroup;
			children = (
				A9500E7227F663F2001D50B4 /* TopicViewModel.swift */,
			);
			path = ViewModel;
			sourceTree = "<group>";
		};
		A9500E6F27F663BF001D50B4 /* Model */ = {
			isa = PBXGroup;
			children = (
				A966879B27F216D600B320B3 /* TopicInfo.swift */,
			);
			path = Model;
			sourceTree = "<group>";
		};
		A966876B27F1096800B320B3 /* Scenes */ = {
			isa = PBXGroup;
			children = (
				A966878A27F2102E00B320B3 /* Onboarding */,
				A966879F27F2AD6B00B320B3 /* SignUp */,
				A9B2478B27F690BF00FCE45A /* TabBar */,
				A9B2479327F6986000FCE45A /* Dictionary */,
				A9B2479427F6986600FCE45A /* Training */,
				A9B2479527F6986C00FCE45A /* Video */,
				A93C149527F00AA500299004 /* LaunchScreen.storyboard */,
				A966878727F12B1A00B320B3 /* AppCoordinator.swift */,
			);
			path = Scenes;
			sourceTree = "<group>";
		};
		A966876C27F1097300B320B3 /* Constants */ = {
			isa = PBXGroup;
			children = (
				A966877327F10A2200B320B3 /* Dimensions.swift */,
				A9B247C927F8EAC300FCE45A /* ReuseIdentifiers.swift */,
			);
			path = Constants;
			sourceTree = "<group>";
		};
		A966877727F1140E00B320B3 /* Fonts */ = {
			isa = PBXGroup;
			children = (
				A966877827F1142500B320B3 /* Rubik-Bold.ttf */,
				A966877A27F1142500B320B3 /* Rubik-Medium.ttf */,
				A966877927F1142500B320B3 /* Rubik-Regular.ttf */,
			);
			path = Fonts;
			sourceTree = "<group>";
		};
		A966877F27F1287200B320B3 /* Services */ = {
			isa = PBXGroup;
			children = (
				A91F54EA27F95BD700D0DB85 /* Data */,
				A9500E6127F50977001D50B4 /* Validator.swift */,
				A91F54F727F987DD00D0DB85 /* AudioService.swift */,
			);
			path = Services;
			sourceTree = "<group>";
		};
		A966878427F129E200B320B3 /* Support */ = {
			isa = PBXGroup;
			children = (
				A93C674327F9BE1F008C2015 /* Strings */,
				A966876C27F1097300B320B3 /* Constants */,
				A966878927F12EAE00B320B3 /* Extensions */,
				A966879027F215A700B320B3 /* Views */,
				A966878027F1287D00B320B3 /* Dependencies.swift */,
				A966878527F129FE00B320B3 /* Coordinator.swift */,
				A9500E6327F50D27001D50B4 /* Errors.swift */,
			);
			path = Support;
			sourceTree = "<group>";
		};
		A966878927F12EAE00B320B3 /* Extensions */ = {
			isa = PBXGroup;
			children = (
				A91F54C727F92F2400D0DB85 /* UIViewController */,
				A966877527F10A3E00B320B3 /* UIFont+AppFonts.swift */,
				A948A9A727F4CD4B00FB3658 /* UILabel+AppLabels.swift */,
				A9B2479127F6957C00FCE45A /* UINavigationController+AppNavigationControllers.swift */,
			);
			path = Extensions;
			sourceTree = "<group>";
		};
		A966878A27F2102E00B320B3 /* Onboarding */ = {
			isa = PBXGroup;
			children = (
				A966878E27F2104E00B320B3 /* ViewModel */,
				A96687A127F2ADD300B320B3 /* ViewController */,
				A966878F27F2105500B320B3 /* View */,
				A966878B27F2104100B320B3 /* OnboardingCoordinator.swift */,
			);
			path = Onboarding;
			sourceTree = "<group>";
		};
		A966878E27F2104E00B320B3 /* ViewModel */ = {
			isa = PBXGroup;
			children = (
				A966879327F215F100B320B3 /* OnboardingViewModel.swift */,
				A966879927F216C200B320B3 /* OnboardingPageCellViewModel.swift */,
			);
			path = ViewModel;
			sourceTree = "<group>";
		};
		A966878F27F2105500B320B3 /* View */ = {
			isa = PBXGroup;
			children = (
				A966879727F2169D00B320B3 /* OnboardingPageCell.swift */,
			);
			path = View;
			sourceTree = "<group>";
		};
		A966879027F215A700B320B3 /* Views */ = {
			isa = PBXGroup;
			children = (
				A9500E6C27F663A3001D50B4 /* Topic */,
				A9500E6727F643F9001D50B4 /* TextFields */,
				A966879527F2166400B320B3 /* PageControl.swift */,
				A966879D27F219D800B320B3 /* StandartButton.swift */,
			);
			path = Views;
			sourceTree = "<group>";
		};
		A966879F27F2AD6B00B320B3 /* SignUp */ = {
			isa = PBXGroup;
			children = (
				A948A9A327F4C9AD00FB3658 /* ViewModel */,
				A96687A027F2AD7B00B320B3 /* ViewController */,
				A96687A427F2C00000B320B3 /* SignUpCoordinator.swift */,
			);
			path = SignUp;
			sourceTree = "<group>";
		};
		A96687A027F2AD7B00B320B3 /* ViewController */ = {
			isa = PBXGroup;
			children = (
				A96687A227F2ADF700B320B3 /* SignUpViewController.swift */,
			);
			path = ViewController;
			sourceTree = "<group>";
		};
		A96687A127F2ADD300B320B3 /* ViewController */ = {
			isa = PBXGroup;
			children = (
				A966879127F215C300B320B3 /* OnboardingViewController.swift */,
			);
			path = ViewController;
			sourceTree = "<group>";
		};
		A9B2478B27F690BF00FCE45A /* TabBar */ = {
			isa = PBXGroup;
			children = (
				A9B2478C27F690C400FCE45A /* ViewController */,
				A9B247B227F6A1E000FCE45A /* View */,
				A9B2478D27F690D500FCE45A /* TabBarCoordinator.swift */,
			);
			path = TabBar;
			sourceTree = "<group>";
		};
		A9B2478C27F690C400FCE45A /* ViewController */ = {
			isa = PBXGroup;
			children = (
				A9B2478F27F6916900FCE45A /* TabBarController.swift */,
			);
			path = ViewController;
			sourceTree = "<group>";
		};
		A9B2479327F6986000FCE45A /* Dictionary */ = {
			isa = PBXGroup;
			children = (
				A9B247A127F6999100FCE45A /* ViewModel */,
				A9B2479C27F698CF00FCE45A /* ViewController */,
				A9B247BD27F7AB3800FCE45A /* View */,
				A9B2479627F6988800FCE45A /* DictionaryCoordinator.swift */,
			);
			path = Dictionary;
			sourceTree = "<group>";
		};
		A9B2479427F6986600FCE45A /* Training */ = {
			isa = PBXGroup;
			children = (
				A9B247A227F6999E00FCE45A /* ViewModel */,
				A9B2479D27F698D600FCE45A /* ViewController */,
				A9B2479827F6989400FCE45A /* TrainingCoordinator.swift */,
			);
			path = Training;
			sourceTree = "<group>";
		};
		A9B2479527F6986C00FCE45A /* Video */ = {
			isa = PBXGroup;
			children = (
				A9B247A327F699A200FCE45A /* ViewModel */,
				A9B2479E27F698DB00FCE45A /* ViewController */,
				A9B2479A27F698A600FCE45A /* VideoCoordinator.swift */,
			);
			path = Video;
			sourceTree = "<group>";
		};
		A9B2479C27F698CF00FCE45A /* ViewController */ = {
			isa = PBXGroup;
			children = (
				A9B2479F27F6991B00FCE45A /* DictionaryViewController.swift */,
			);
			path = ViewController;
			sourceTree = "<group>";
		};
		A9B2479D27F698D600FCE45A /* ViewController */ = {
			isa = PBXGroup;
			children = (
				A9B247A627F69A4F00FCE45A /* TrainingViewController.swift */,
			);
			path = ViewController;
			sourceTree = "<group>";
		};
		A9B2479E27F698DB00FCE45A /* ViewController */ = {
			isa = PBXGroup;
			children = (
				A9B247AA27F69A7A00FCE45A /* VideoViewController.swift */,
			);
			path = ViewController;
			sourceTree = "<group>";
		};
		A9B247A127F6999100FCE45A /* ViewModel */ = {
			isa = PBXGroup;
			children = (
				A9B247A427F699BD00FCE45A /* DictionaryViewModel.swift */,
				A91F54D327F93F7D00D0DB85 /* MeaningsSectionViewModel.swift */,
			);
			path = ViewModel;
			sourceTree = "<group>";
		};
		A9B247A227F6999E00FCE45A /* ViewModel */ = {
			isa = PBXGroup;
			children = (
				A9B247A827F69A5B00FCE45A /* TrainingViewModel.swift */,
			);
			path = ViewModel;
			sourceTree = "<group>";
		};
		A9B247A327F699A200FCE45A /* ViewModel */ = {
			isa = PBXGroup;
			children = (
				A9B247AC27F69A8700FCE45A /* VideoViewModel.swift */,
			);
			path = ViewModel;
			sourceTree = "<group>";
		};
		A9B247B227F6A1E000FCE45A /* View */ = {
			isa = PBXGroup;
			children = (
				A9B247B027F69FD300FCE45A /* TabBar.swift */,
			);
			path = View;
			sourceTree = "<group>";
		};
		A9B247B327F6CC6800FCE45A /* DTO */ = {
			isa = PBXGroup;
			children = (
				A9B247B427F6CC7E00FCE45A /* Word */,
			);
			path = DTO;
			sourceTree = "<group>";
		};
		A9B247B427F6CC7E00FCE45A /* Word */ = {
			isa = PBXGroup;
			children = (
				A9B247B527F6CC8D00FCE45A /* WordDTO.swift */,
				A9B247B727F6CCB800FCE45A /* PhoneticDTO.swift */,
				A9B247B927F6CCD200FCE45A /* MeaningDTO.swift */,
				A9B247BB27F6CCE900FCE45A /* DefinitionDTO.swift */,
			);
			path = Word;
			sourceTree = "<group>";
		};
		A9B247BD27F7AB3800FCE45A /* View */ = {
			isa = PBXGroup;
			children = (
				A9B247BE27F7AB4E00FCE45A /* WordTableView */,
			);
			path = View;
			sourceTree = "<group>";
		};
		A9B247BE27F7AB4E00FCE45A /* WordTableView */ = {
			isa = PBXGroup;
			children = (
				A9B247CB27F8F71600FCE45A /* WordCell */,
				A9B247CC27F8F71C00FCE45A /* MeaningsHeader */,
				A9B247CD27F8F72400FCE45A /* DefinitionCell */,
			);
			path = WordTableView;
			sourceTree = "<group>";
		};
		A9B247CB27F8F71600FCE45A /* WordCell */ = {
			isa = PBXGroup;
			children = (
				A9B247CF27F8F73600FCE45A /* ViewModel */,
				A9B247CE27F8F73200FCE45A /* View */,
			);
			path = WordCell;
			sourceTree = "<group>";
		};
		A9B247CC27F8F71C00FCE45A /* MeaningsHeader */ = {
			isa = PBXGroup;
			children = (
				A9B247D127F8F73E00FCE45A /* ViewModel */,
				A9B247D027F8F73B00FCE45A /* View */,
			);
			path = MeaningsHeader;
			sourceTree = "<group>";
		};
		A9B247CD27F8F72400FCE45A /* DefinitionCell */ = {
			isa = PBXGroup;
			children = (
				A9B247D327F8F74700FCE45A /* ViewModel */,
				A9B247D227F8F74400FCE45A /* View */,
			);
			path = DefinitionCell;
			sourceTree = "<group>";
		};
		A9B247CE27F8F73200FCE45A /* View */ = {
			isa = PBXGroup;
			children = (
				A9B247BF27F7AB7C00FCE45A /* WordCell.swift */,
			);
			path = View;
			sourceTree = "<group>";
		};
		A9B247CF27F8F73600FCE45A /* ViewModel */ = {
			isa = PBXGroup;
			children = (
				A9B247D427F8F76100FCE45A /* WordCellViewModel.swift */,
			);
			path = ViewModel;
			sourceTree = "<group>";
		};
		A9B247D027F8F73B00FCE45A /* View */ = {
			isa = PBXGroup;
			children = (
				A9B247C527F7AC3B00FCE45A /* MeaningsHeader.swift */,
			);
			path = View;
			sourceTree = "<group>";
		};
		A9B247D127F8F73E00FCE45A /* ViewModel */ = {
			isa = PBXGroup;
			children = (
				A9B247D627F8F93800FCE45A /* MeaningsHeaderViewModel.swift */,
			);
			path = ViewModel;
			sourceTree = "<group>";
		};
		A9B247D227F8F74400FCE45A /* View */ = {
			isa = PBXGroup;
			children = (
				A9B247C727F7AC4E00FCE45A /* DefinitionCell.swift */,
			);
			path = View;
			sourceTree = "<group>";
		};
		A9B247D327F8F74700FCE45A /* ViewModel */ = {
			isa = PBXGroup;
			children = (
				A9B247D827F8F9FB00FCE45A /* DefinitionCellViewModel.swift */,
			);
			path = ViewModel;
			sourceTree = "<group>";
		};
/* End PBXGroup section */

/* Begin PBXNativeTarget section */
		A93C148627F00AA400299004 /* Words Factory */ = {
			isa = PBXNativeTarget;
			buildConfigurationList = A93C149B27F00AA500299004 /* Build configuration list for PBXNativeTarget "Words Factory" */;
			buildPhases = (
				1B1A9D4B0E6F7B5A94450AA7 /* [CP] Check Pods Manifest.lock */,
				A93C673E27F9AC3D008C2015 /* ShellScript */,
				A93C148327F00AA400299004 /* Sources */,
				A93C148427F00AA400299004 /* Frameworks */,
				A93C148527F00AA400299004 /* Resources */,
				36657D2C207CA18D80BC9561 /* [CP] Embed Pods Frameworks */,
			);
			buildRules = (
			);
			dependencies = (
			);
			name = "Words Factory";
			productName = "Words Factory";
			productReference = A93C148727F00AA400299004 /* Words Factory.app */;
			productType = "com.apple.product-type.application";
		};
/* End PBXNativeTarget section */

/* Begin PBXProject section */
		A93C147F27F00AA400299004 /* Project object */ = {
			isa = PBXProject;
			attributes = {
				BuildIndependentTargetsInParallel = 1;
				LastSwiftUpdateCheck = 1330;
				LastUpgradeCheck = 1330;
				TargetAttributes = {
					A93C148627F00AA400299004 = {
						CreatedOnToolsVersion = 13.3;
					};
				};
			};
			buildConfigurationList = A93C148227F00AA400299004 /* Build configuration list for PBXProject "Words Factory" */;
			compatibilityVersion = "Xcode 13.0";
			developmentRegion = en;
			hasScannedForEncodings = 0;
			knownRegions = (
				en,
				Base,
			);
			mainGroup = A93C147E27F00AA400299004;
			productRefGroup = A93C148827F00AA400299004 /* Products */;
			projectDirPath = "";
			projectRoot = "";
			targets = (
				A93C148627F00AA400299004 /* Words Factory */,
			);
		};
/* End PBXProject section */

/* Begin PBXResourcesBuildPhase section */
		A93C148527F00AA400299004 /* Resources */ = {
			isa = PBXResourcesBuildPhase;
			buildActionMask = 2147483647;
			files = (
				A93C675527F9C6C8008C2015 /* SignUp.strings in Resources */,
				A93C675227F9C6C3008C2015 /* Dictionary.strings in Resources */,
				A93C149727F00AA500299004 /* LaunchScreen.storyboard in Resources */,
				A93C675D27F9C70C008C2015 /* AlertKeys.strings in Resources */,
				A93C675827F9C6CD008C2015 /* Localizable.strings in Resources */,
				A966877C27F1142500B320B3 /* Rubik-Regular.ttf in Resources */,
				A93C674F27F9C6BD008C2015 /* Onboarding.strings in Resources */,
				A966877B27F1142500B320B3 /* Rubik-Bold.ttf in Resources */,
				A93C149427F00AA500299004 /* Assets.xcassets in Resources */,
				A93C676127F9CAEF008C2015 /* Errors.strings in Resources */,
				A966877D27F1142500B320B3 /* Rubik-Medium.ttf in Resources */,
			);
			runOnlyForDeploymentPostprocessing = 0;
		};
/* End PBXResourcesBuildPhase section */

/* Begin PBXShellScriptBuildPhase section */
		1B1A9D4B0E6F7B5A94450AA7 /* [CP] Check Pods Manifest.lock */ = {
			isa = PBXShellScriptBuildPhase;
			buildActionMask = 2147483647;
			files = (
			);
			inputFileListPaths = (
			);
			inputPaths = (
				"${PODS_PODFILE_DIR_PATH}/Podfile.lock",
				"${PODS_ROOT}/Manifest.lock",
			);
			name = "[CP] Check Pods Manifest.lock";
			outputFileListPaths = (
			);
			outputPaths = (
				"$(DERIVED_FILE_DIR)/Pods-Words Factory-checkManifestLockResult.txt",
			);
			runOnlyForDeploymentPostprocessing = 0;
			shellPath = /bin/sh;
			shellScript = "diff \"${PODS_PODFILE_DIR_PATH}/Podfile.lock\" \"${PODS_ROOT}/Manifest.lock\" > /dev/null\nif [ $? != 0 ] ; then\n    # print error to STDERR\n    echo \"error: The sandbox is not in sync with the Podfile.lock. Run 'pod install' or update your CocoaPods installation.\" >&2\n    exit 1\nfi\n# This output is used by Xcode 'outputs' to avoid re-running this script phase.\necho \"SUCCESS\" > \"${SCRIPT_OUTPUT_FILE_0}\"\n";
			showEnvVarsInLog = 0;
		};
		36657D2C207CA18D80BC9561 /* [CP] Embed Pods Frameworks */ = {
			isa = PBXShellScriptBuildPhase;
			buildActionMask = 2147483647;
			files = (
			);
			inputFileListPaths = (
				"${PODS_ROOT}/Target Support Files/Pods-Words Factory/Pods-Words Factory-frameworks-${CONFIGURATION}-input-files.xcfilelist",
			);
			name = "[CP] Embed Pods Frameworks";
			outputFileListPaths = (
				"${PODS_ROOT}/Target Support Files/Pods-Words Factory/Pods-Words Factory-frameworks-${CONFIGURATION}-output-files.xcfilelist",
			);
			runOnlyForDeploymentPostprocessing = 0;
			shellPath = /bin/sh;
			shellScript = "\"${PODS_ROOT}/Target Support Files/Pods-Words Factory/Pods-Words Factory-frameworks.sh\"\n";
			showEnvVarsInLog = 0;
		};
		A93C673E27F9AC3D008C2015 /* ShellScript */ = {
			isa = PBXShellScriptBuildPhase;
			alwaysOutOfDate = 1;
			buildActionMask = 2147483647;
			files = (
			);
			inputFileListPaths = (
			);
			inputPaths = (
			);
			outputFileListPaths = (
			);
			outputPaths = (
				$SRCROOT/R.generated.swift,
			);
			runOnlyForDeploymentPostprocessing = 0;
			shellPath = /bin/sh;
			shellScript = "\"$PODS_ROOT/R.swift/rswift\" generate \"$SRCROOT/R.generated.swift\"\n";
		};
/* End PBXShellScriptBuildPhase section */

/* Begin PBXSourcesBuildPhase section */
		A93C148327F00AA400299004 /* Sources */ = {
			isa = PBXSourcesBuildPhase;
			buildActionMask = 2147483647;
			files = (
				A966879227F215C300B320B3 /* OnboardingViewController.swift in Sources */,
				A966878827F12B1A00B320B3 /* AppCoordinator.swift in Sources */,
				A9B247BA27F6CCD200FCE45A /* MeaningDTO.swift in Sources */,
				A9B247B627F6CC8D00FCE45A /* WordDTO.swift in Sources */,
				A9B247BC27F6CCE900FCE45A /* DefinitionDTO.swift in Sources */,
				A9B247B827F6CCB800FCE45A /* PhoneticDTO.swift in Sources */,
				A9B2478E27F690D500FCE45A /* TabBarCoordinator.swift in Sources */,
				A966878C27F2104100B320B3 /* OnboardingCoordinator.swift in Sources */,
				A9B247C627F7AC3B00FCE45A /* MeaningsHeader.swift in Sources */,
				A948A9AA27F4CF3D00FB3658 /* TextField.swift in Sources */,
				A91F54D827F9554600D0DB85 /* WordsDatabase.xcdatamodeld in Sources */,
				A966878327F1288800B320B3 /* NetworkService.swift in Sources */,
				A91F54C627F92EE600D0DB85 /* UIViewController+Keyboard.swift in Sources */,
				A9B2479727F6988800FCE45A /* DictionaryCoordinator.swift in Sources */,
				A966877627F10A3E00B320B3 /* UIFont+AppFonts.swift in Sources */,
				A9B247B127F69FD300FCE45A /* TabBar.swift in Sources */,
				A91F54E527F9573F00D0DB85 /* WordCoreData+CoreDataProperties.swift in Sources */,
				A9B247AB27F69A7A00FCE45A /* VideoViewController.swift in Sources */,
				A9B247CA27F8EAC300FCE45A /* ReuseIdentifiers.swift in Sources */,
				A9B2479927F6989400FCE45A /* TrainingCoordinator.swift in Sources */,
				A91F54F827F987DD00D0DB85 /* AudioService.swift in Sources */,
				A966879627F2166400B320B3 /* PageControl.swift in Sources */,
				A9B247A727F69A4F00FCE45A /* TrainingViewController.swift in Sources */,
				A9500E6927F64B20001D50B4 /* ActionTextField.swift in Sources */,
				A966879427F215F100B320B3 /* OnboardingViewModel.swift in Sources */,
				A91F54ED27F95C1400D0DB85 /* WordsDataSource.swift in Sources */,
				A91F54E827F9573F00D0DB85 /* MeaningCoreData+CoreDataClass.swift in Sources */,
				A9B247D727F8F93800FCE45A /* MeaningsHeaderViewModel.swift in Sources */,
				A9500E6B27F64C6A001D50B4 /* PasswordTextField.swift in Sources */,
				A96687A527F2C00000B320B3 /* SignUpCoordinator.swift in Sources */,
				A9B2479227F6957C00FCE45A /* UINavigationController+AppNavigationControllers.swift in Sources */,
				A9500E7327F663F2001D50B4 /* TopicViewModel.swift in Sources */,
				A966879827F2169D00B320B3 /* OnboardingPageCell.swift in Sources */,
				A9B247AD27F69A8700FCE45A /* VideoViewModel.swift in Sources */,
				A9B2479B27F698A600FCE45A /* VideoCoordinator.swift in Sources */,
				A966878127F1287D00B320B3 /* Dependencies.swift in Sources */,
				A9500E7127F663DA001D50B4 /* TopicView.swift in Sources */,
				A91F54CE27F9355500D0DB85 /* Phonetic.swift in Sources */,
				A91F54E927F9573F00D0DB85 /* MeaningCoreData+CoreDataProperties.swift in Sources */,
				A9B247C027F7AB7C00FCE45A /* WordCell.swift in Sources */,
				A9B247D527F8F76100FCE45A /* WordCellViewModel.swift in Sources */,
				A966878627F129FE00B320B3 /* Coordinator.swift in Sources */,
				A91F54F427F95F1D00D0DB85 /* WordsDataRepository.swift in Sources */,
				A91F54E727F9573F00D0DB85 /* PhoneticCoreData+CoreDataProperties.swift in Sources */,
				A948A9A827F4CD4B00FB3658 /* UILabel+AppLabels.swift in Sources */,
				A91F54E627F9573F00D0DB85 /* PhoneticCoreData+CoreDataClass.swift in Sources */,
				A9B247A527F699BD00FCE45A /* DictionaryViewModel.swift in Sources */,
				A93C148B27F00AA400299004 /* AppDelegate.swift in Sources */,
				A9B247D927F8F9FB00FCE45A /* DefinitionCellViewModel.swift in Sources */,
				A91F54D027F9355E00D0DB85 /* Meaning.swift in Sources */,
				A91F54E327F9573F00D0DB85 /* DefinitionCoreData+CoreDataProperties.swift in Sources */,
				A96687A327F2ADF800B320B3 /* SignUpViewController.swift in Sources */,
				A966877427F10A2200B320B3 /* Dimensions.swift in Sources */,
				A91F54F027F95D4A00D0DB85 /* CoreDataService.swift in Sources */,
				A91F54E227F9573F00D0DB85 /* DefinitionCoreData+CoreDataClass.swift in Sources */,
				A91F54E427F9573F00D0DB85 /* WordCoreData+CoreDataClass.swift in Sources */,
				A9B2479027F6916900FCE45A /* TabBarController.swift in Sources */,
				A966879E27F219D800B320B3 /* StandartButton.swift in Sources */,
				A9500E6427F50D27001D50B4 /* Errors.swift in Sources */,
				A91F54CC27F9352F00D0DB85 /* Word.swift in Sources */,
				A93C674027F9ACD4008C2015 /* R.generated.swift in Sources */,
				A91F54F227F95EA700D0DB85 /* WordsRepository.swift in Sources */,
				A966879A27F216C200B320B3 /* OnboardingPageCellViewModel.swift in Sources */,
				A9B247C827F7AC4E00FCE45A /* DefinitionCell.swift in Sources */,
				A91F54D227F9356300D0DB85 /* Definition.swift in Sources */,
				A966879C27F216D600B320B3 /* TopicInfo.swift in Sources */,
				A9500E6227F50977001D50B4 /* Validator.swift in Sources */,
				A91F54D427F93F7D00D0DB85 /* MeaningsSectionViewModel.swift in Sources */,
				A948A9A627F4C9CE00FB3658 /* SignUpViewModel.swift in Sources */,
				A9500E6627F518CA001D50B4 /* UIViewController+Alerts.swift in Sources */,
				A9B247A027F6991B00FCE45A /* DictionaryViewController.swift in Sources */,
				A9B247A927F69A5B00FCE45A /* TrainingViewModel.swift in Sources */,
				A93C148D27F00AA400299004 /* SceneDelegate.swift in Sources */,
			);
			runOnlyForDeploymentPostprocessing = 0;
		};
/* End PBXSourcesBuildPhase section */

/* Begin PBXVariantGroup section */
		A93C149527F00AA500299004 /* LaunchScreen.storyboard */ = {
			isa = PBXVariantGroup;
			children = (
				A93C149627F00AA500299004 /* Base */,
			);
			name = LaunchScreen.storyboard;
			sourceTree = "<group>";
		};
		A93C675127F9C6BD008C2015 /* Onboarding.strings */ = {
			isa = PBXVariantGroup;
			children = (
				A93C675027F9C6BD008C2015 /* en */,
			);
			name = Onboarding.strings;
			sourceTree = "<group>";
		};
		A93C675427F9C6C3008C2015 /* Dictionary.strings */ = {
			isa = PBXVariantGroup;
			children = (
				A93C675327F9C6C3008C2015 /* en */,
			);
			name = Dictionary.strings;
			sourceTree = "<group>";
		};
		A93C675727F9C6C8008C2015 /* SignUp.strings */ = {
			isa = PBXVariantGroup;
			children = (
				A93C675627F9C6C8008C2015 /* en */,
			);
			name = SignUp.strings;
			sourceTree = "<group>";
		};
		A93C675A27F9C6CD008C2015 /* Localizable.strings */ = {
			isa = PBXVariantGroup;
			children = (
				A93C675927F9C6CD008C2015 /* en */,
			);
			name = Localizable.strings;
			sourceTree = "<group>";
		};
		A93C676327F9CAEF008C2015 /* Errors.strings */ = {
			isa = PBXVariantGroup;
			children = (
				A93C676227F9CAEF008C2015 /* en */,
			);
			name = Errors.strings;
			sourceTree = "<group>";
		};
/* End PBXVariantGroup section */

/* Begin XCBuildConfiguration section */
		A93C149927F00AA500299004 /* Debug */ = {
			isa = XCBuildConfiguration;
			buildSettings = {
				ALWAYS_SEARCH_USER_PATHS = NO;
				CLANG_ANALYZER_NONNULL = YES;
				CLANG_ANALYZER_NUMBER_OBJECT_CONVERSION = YES_AGGRESSIVE;
				CLANG_CXX_LANGUAGE_STANDARD = "gnu++17";
				CLANG_ENABLE_MODULES = YES;
				CLANG_ENABLE_OBJC_ARC = YES;
				CLANG_ENABLE_OBJC_WEAK = YES;
				CLANG_WARN_BLOCK_CAPTURE_AUTORELEASING = YES;
				CLANG_WARN_BOOL_CONVERSION = YES;
				CLANG_WARN_COMMA = YES;
				CLANG_WARN_CONSTANT_CONVERSION = YES;
				CLANG_WARN_DEPRECATED_OBJC_IMPLEMENTATIONS = YES;
				CLANG_WARN_DIRECT_OBJC_ISA_USAGE = YES_ERROR;
				CLANG_WARN_DOCUMENTATION_COMMENTS = YES;
				CLANG_WARN_EMPTY_BODY = YES;
				CLANG_WARN_ENUM_CONVERSION = YES;
				CLANG_WARN_INFINITE_RECURSION = YES;
				CLANG_WARN_INT_CONVERSION = YES;
				CLANG_WARN_NON_LITERAL_NULL_CONVERSION = YES;
				CLANG_WARN_OBJC_IMPLICIT_RETAIN_SELF = YES;
				CLANG_WARN_OBJC_LITERAL_CONVERSION = YES;
				CLANG_WARN_OBJC_ROOT_CLASS = YES_ERROR;
				CLANG_WARN_QUOTED_INCLUDE_IN_FRAMEWORK_HEADER = YES;
				CLANG_WARN_RANGE_LOOP_ANALYSIS = YES;
				CLANG_WARN_STRICT_PROTOTYPES = YES;
				CLANG_WARN_SUSPICIOUS_MOVE = YES;
				CLANG_WARN_UNGUARDED_AVAILABILITY = YES_AGGRESSIVE;
				CLANG_WARN_UNREACHABLE_CODE = YES;
				CLANG_WARN__DUPLICATE_METHOD_MATCH = YES;
				COPY_PHASE_STRIP = NO;
				DEBUG_INFORMATION_FORMAT = dwarf;
				ENABLE_STRICT_OBJC_MSGSEND = YES;
				ENABLE_TESTABILITY = YES;
				GCC_C_LANGUAGE_STANDARD = gnu11;
				GCC_DYNAMIC_NO_PIC = NO;
				GCC_NO_COMMON_BLOCKS = YES;
				GCC_OPTIMIZATION_LEVEL = 0;
				GCC_PREPROCESSOR_DEFINITIONS = (
					"DEBUG=1",
					"$(inherited)",
				);
				GCC_WARN_64_TO_32_BIT_CONVERSION = YES;
				GCC_WARN_ABOUT_RETURN_TYPE = YES_ERROR;
				GCC_WARN_UNDECLARED_SELECTOR = YES;
				GCC_WARN_UNINITIALIZED_AUTOS = YES_AGGRESSIVE;
				GCC_WARN_UNUSED_FUNCTION = YES;
				GCC_WARN_UNUSED_VARIABLE = YES;
				IPHONEOS_DEPLOYMENT_TARGET = 13.6;
				MTL_ENABLE_DEBUG_INFO = INCLUDE_SOURCE;
				MTL_FAST_MATH = YES;
				ONLY_ACTIVE_ARCH = YES;
				SDKROOT = iphoneos;
				SWIFT_ACTIVE_COMPILATION_CONDITIONS = DEBUG;
				SWIFT_OPTIMIZATION_LEVEL = "-Onone";
			};
			name = Debug;
		};
		A93C149A27F00AA500299004 /* Release */ = {
			isa = XCBuildConfiguration;
			buildSettings = {
				ALWAYS_SEARCH_USER_PATHS = NO;
				CLANG_ANALYZER_NONNULL = YES;
				CLANG_ANALYZER_NUMBER_OBJECT_CONVERSION = YES_AGGRESSIVE;
				CLANG_CXX_LANGUAGE_STANDARD = "gnu++17";
				CLANG_ENABLE_MODULES = YES;
				CLANG_ENABLE_OBJC_ARC = YES;
				CLANG_ENABLE_OBJC_WEAK = YES;
				CLANG_WARN_BLOCK_CAPTURE_AUTORELEASING = YES;
				CLANG_WARN_BOOL_CONVERSION = YES;
				CLANG_WARN_COMMA = YES;
				CLANG_WARN_CONSTANT_CONVERSION = YES;
				CLANG_WARN_DEPRECATED_OBJC_IMPLEMENTATIONS = YES;
				CLANG_WARN_DIRECT_OBJC_ISA_USAGE = YES_ERROR;
				CLANG_WARN_DOCUMENTATION_COMMENTS = YES;
				CLANG_WARN_EMPTY_BODY = YES;
				CLANG_WARN_ENUM_CONVERSION = YES;
				CLANG_WARN_INFINITE_RECURSION = YES;
				CLANG_WARN_INT_CONVERSION = YES;
				CLANG_WARN_NON_LITERAL_NULL_CONVERSION = YES;
				CLANG_WARN_OBJC_IMPLICIT_RETAIN_SELF = YES;
				CLANG_WARN_OBJC_LITERAL_CONVERSION = YES;
				CLANG_WARN_OBJC_ROOT_CLASS = YES_ERROR;
				CLANG_WARN_QUOTED_INCLUDE_IN_FRAMEWORK_HEADER = YES;
				CLANG_WARN_RANGE_LOOP_ANALYSIS = YES;
				CLANG_WARN_STRICT_PROTOTYPES = YES;
				CLANG_WARN_SUSPICIOUS_MOVE = YES;
				CLANG_WARN_UNGUARDED_AVAILABILITY = YES_AGGRESSIVE;
				CLANG_WARN_UNREACHABLE_CODE = YES;
				CLANG_WARN__DUPLICATE_METHOD_MATCH = YES;
				COPY_PHASE_STRIP = NO;
				DEBUG_INFORMATION_FORMAT = "dwarf-with-dsym";
				ENABLE_NS_ASSERTIONS = NO;
				ENABLE_STRICT_OBJC_MSGSEND = YES;
				GCC_C_LANGUAGE_STANDARD = gnu11;
				GCC_NO_COMMON_BLOCKS = YES;
				GCC_WARN_64_TO_32_BIT_CONVERSION = YES;
				GCC_WARN_ABOUT_RETURN_TYPE = YES_ERROR;
				GCC_WARN_UNDECLARED_SELECTOR = YES;
				GCC_WARN_UNINITIALIZED_AUTOS = YES_AGGRESSIVE;
				GCC_WARN_UNUSED_FUNCTION = YES;
				GCC_WARN_UNUSED_VARIABLE = YES;
				IPHONEOS_DEPLOYMENT_TARGET = 13.6;
				MTL_ENABLE_DEBUG_INFO = NO;
				MTL_FAST_MATH = YES;
				SDKROOT = iphoneos;
				SWIFT_COMPILATION_MODE = wholemodule;
				SWIFT_OPTIMIZATION_LEVEL = "-O";
				VALIDATE_PRODUCT = YES;
			};
			name = Release;
		};
		A93C149C27F00AA500299004 /* Debug */ = {
			isa = XCBuildConfiguration;
			baseConfigurationReference = 1A40869135E60F5C3F38727C /* Pods-Words Factory.debug.xcconfig */;
			buildSettings = {
				ASSETCATALOG_COMPILER_APPICON_NAME = AppIcon;
				ASSETCATALOG_COMPILER_GLOBAL_ACCENT_COLOR_NAME = AccentColor;
				CODE_SIGN_STYLE = Automatic;
				CURRENT_PROJECT_VERSION = 1;
				DEVELOPMENT_TEAM = LC826B8LG8;
				GENERATE_INFOPLIST_FILE = YES;
				INFOPLIST_FILE = "Words Factory/Info.plist";
				INFOPLIST_KEY_UIApplicationSupportsIndirectInputEvents = YES;
				INFOPLIST_KEY_UILaunchStoryboardName = LaunchScreen;
				INFOPLIST_KEY_UISupportedInterfaceOrientations = UIInterfaceOrientationPortrait;
				INFOPLIST_KEY_UISupportedInterfaceOrientations_iPad = "UIInterfaceOrientationPortrait UIInterfaceOrientationPortraitUpsideDown UIInterfaceOrientationLandscapeLeft UIInterfaceOrientationLandscapeRight";
				INFOPLIST_KEY_UISupportedInterfaceOrientations_iPhone = UIInterfaceOrientationPortrait;
				LD_RUNPATH_SEARCH_PATHS = (
					"$(inherited)",
					"@executable_path/Frameworks",
				);
				MARKETING_VERSION = 1.0;
				PRODUCT_BUNDLE_IDENTIFIER = "Xoxo.Words-Factory";
				PRODUCT_NAME = "$(TARGET_NAME)";
				SWIFT_EMIT_LOC_STRINGS = YES;
				SWIFT_VERSION = 5.0;
				TARGETED_DEVICE_FAMILY = 1;
			};
			name = Debug;
		};
		A93C149D27F00AA500299004 /* Release */ = {
			isa = XCBuildConfiguration;
			baseConfigurationReference = EA3F547F9916CF3CB09DCAF9 /* Pods-Words Factory.release.xcconfig */;
			buildSettings = {
				ASSETCATALOG_COMPILER_APPICON_NAME = AppIcon;
				ASSETCATALOG_COMPILER_GLOBAL_ACCENT_COLOR_NAME = AccentColor;
				CODE_SIGN_STYLE = Automatic;
				CURRENT_PROJECT_VERSION = 1;
				DEVELOPMENT_TEAM = LC826B8LG8;
				GENERATE_INFOPLIST_FILE = YES;
				INFOPLIST_FILE = "Words Factory/Info.plist";
				INFOPLIST_KEY_UIApplicationSupportsIndirectInputEvents = YES;
				INFOPLIST_KEY_UILaunchStoryboardName = LaunchScreen;
				INFOPLIST_KEY_UISupportedInterfaceOrientations = UIInterfaceOrientationPortrait;
				INFOPLIST_KEY_UISupportedInterfaceOrientations_iPad = "UIInterfaceOrientationPortrait UIInterfaceOrientationPortraitUpsideDown UIInterfaceOrientationLandscapeLeft UIInterfaceOrientationLandscapeRight";
				INFOPLIST_KEY_UISupportedInterfaceOrientations_iPhone = UIInterfaceOrientationPortrait;
				LD_RUNPATH_SEARCH_PATHS = (
					"$(inherited)",
					"@executable_path/Frameworks",
				);
				MARKETING_VERSION = 1.0;
				PRODUCT_BUNDLE_IDENTIFIER = "Xoxo.Words-Factory";
				PRODUCT_NAME = "$(TARGET_NAME)";
				SWIFT_EMIT_LOC_STRINGS = YES;
				SWIFT_VERSION = 5.0;
				TARGETED_DEVICE_FAMILY = 1;
			};
			name = Release;
		};
/* End XCBuildConfiguration section */

/* Begin XCConfigurationList section */
		A93C148227F00AA400299004 /* Build configuration list for PBXProject "Words Factory" */ = {
			isa = XCConfigurationList;
			buildConfigurations = (
				A93C149927F00AA500299004 /* Debug */,
				A93C149A27F00AA500299004 /* Release */,
			);
			defaultConfigurationIsVisible = 0;
			defaultConfigurationName = Release;
		};
		A93C149B27F00AA500299004 /* Build configuration list for PBXNativeTarget "Words Factory" */ = {
			isa = XCConfigurationList;
			buildConfigurations = (
				A93C149C27F00AA500299004 /* Debug */,
				A93C149D27F00AA500299004 /* Release */,
			);
			defaultConfigurationIsVisible = 0;
			defaultConfigurationName = Release;
		};
/* End XCConfigurationList section */

/* Begin XCVersionGroup section */
		A91F54D627F9554500D0DB85 /* WordsDatabase.xcdatamodeld */ = {
			isa = XCVersionGroup;
			children = (
				A91F54D727F9554600D0DB85 /* WordsDatabase.xcdatamodel */,
			);
			currentVersion = A91F54D727F9554600D0DB85 /* WordsDatabase.xcdatamodel */;
			path = WordsDatabase.xcdatamodeld;
			sourceTree = "<group>";
			versionGroupType = wrapper.xcdatamodel;
		};
/* End XCVersionGroup section */
	};
	rootObject = A93C147F27F00AA400299004 /* Project object */;
}
