// !$*UTF8*$!
{
	archiveVersion = 1;
	classes = {
	};
	objectVersion = 55;
	objects = {

/* Begin PBXBuildFile section */
		281B818762DB472266D61C9C /* Pods_Words_Factory.framework in Frameworks */ = {isa = PBXBuildFile; fileRef = A0BA9D17DBD33FB43DD8B677 /* Pods_Words_Factory.framework */; };
		A93C148B27F00AA400299004 /* AppDelegate.swift in Sources */ = {isa = PBXBuildFile; fileRef = A93C148A27F00AA400299004 /* AppDelegate.swift */; };
		A93C148D27F00AA400299004 /* SceneDelegate.swift in Sources */ = {isa = PBXBuildFile; fileRef = A93C148C27F00AA400299004 /* SceneDelegate.swift */; };
		A93C149427F00AA500299004 /* Assets.xcassets in Resources */ = {isa = PBXBuildFile; fileRef = A93C149327F00AA500299004 /* Assets.xcassets */; };
		A93C149727F00AA500299004 /* LaunchScreen.storyboard in Resources */ = {isa = PBXBuildFile; fileRef = A93C149527F00AA500299004 /* LaunchScreen.storyboard */; };
		A966876E27F1099B00B320B3 /* String+AppStrings.swift in Sources */ = {isa = PBXBuildFile; fileRef = A966876D27F1099B00B320B3 /* String+AppStrings.swift */; };
		A966877027F109C600B320B3 /* UIColor+AppColors.swift in Sources */ = {isa = PBXBuildFile; fileRef = A966876F27F109C600B320B3 /* UIColor+AppColors.swift */; };
		A966877227F109EB00B320B3 /* UIImage+AppImages.swift in Sources */ = {isa = PBXBuildFile; fileRef = A966877127F109EB00B320B3 /* UIImage+AppImages.swift */; };
		A966877427F10A2200B320B3 /* Dimensions.swift in Sources */ = {isa = PBXBuildFile; fileRef = A966877327F10A2200B320B3 /* Dimensions.swift */; };
		A966877627F10A3E00B320B3 /* UIFont+RubikFont.swift in Sources */ = {isa = PBXBuildFile; fileRef = A966877527F10A3E00B320B3 /* UIFont+RubikFont.swift */; };
		A966877B27F1142500B320B3 /* Rubik-Bold.ttf in Resources */ = {isa = PBXBuildFile; fileRef = A966877827F1142500B320B3 /* Rubik-Bold.ttf */; };
		A966877C27F1142500B320B3 /* Rubik-Regular.ttf in Resources */ = {isa = PBXBuildFile; fileRef = A966877927F1142500B320B3 /* Rubik-Regular.ttf */; };
		A966877D27F1142500B320B3 /* Rubik-Medium.ttf in Resources */ = {isa = PBXBuildFile; fileRef = A966877A27F1142500B320B3 /* Rubik-Medium.ttf */; };
		A966878127F1287D00B320B3 /* Dependencies.swift in Sources */ = {isa = PBXBuildFile; fileRef = A966878027F1287D00B320B3 /* Dependencies.swift */; };
		A966878327F1288800B320B3 /* NetworkService.swift in Sources */ = {isa = PBXBuildFile; fileRef = A966878227F1288800B320B3 /* NetworkService.swift */; };
		A966878627F129FE00B320B3 /* Coordinator.swift in Sources */ = {isa = PBXBuildFile; fileRef = A966878527F129FE00B320B3 /* Coordinator.swift */; };
		A966878827F12B1A00B320B3 /* AppCoordinator.swift in Sources */ = {isa = PBXBuildFile; fileRef = A966878727F12B1A00B320B3 /* AppCoordinator.swift */; };
		A966878C27F2104100B320B3 /* OnboardingCoordinator.swift in Sources */ = {isa = PBXBuildFile; fileRef = A966878B27F2104100B320B3 /* OnboardingCoordinator.swift */; };
		A966879227F215C300B320B3 /* OnboardingViewController.swift in Sources */ = {isa = PBXBuildFile; fileRef = A966879127F215C300B320B3 /* OnboardingViewController.swift */; };
		A966879427F215F100B320B3 /* OnboardingViewModel.swift in Sources */ = {isa = PBXBuildFile; fileRef = A966879327F215F100B320B3 /* OnboardingViewModel.swift */; };
		A966879627F2166400B320B3 /* PageControl.swift in Sources */ = {isa = PBXBuildFile; fileRef = A966879527F2166400B320B3 /* PageControl.swift */; };
		A966879827F2169D00B320B3 /* OnboardingSlideCell.swift in Sources */ = {isa = PBXBuildFile; fileRef = A966879727F2169D00B320B3 /* OnboardingSlideCell.swift */; };
		A966879A27F216C200B320B3 /* OnboardingSlideCellViewModel.swift in Sources */ = {isa = PBXBuildFile; fileRef = A966879927F216C200B320B3 /* OnboardingSlideCellViewModel.swift */; };
		A966879C27F216D600B320B3 /* OnboardingSlide.swift in Sources */ = {isa = PBXBuildFile; fileRef = A966879B27F216D600B320B3 /* OnboardingSlide.swift */; };
/* End PBXBuildFile section */

/* Begin PBXFileReference section */
		1A40869135E60F5C3F38727C /* Pods-Words Factory.debug.xcconfig */ = {isa = PBXFileReference; includeInIndex = 1; lastKnownFileType = text.xcconfig; name = "Pods-Words Factory.debug.xcconfig"; path = "Target Support Files/Pods-Words Factory/Pods-Words Factory.debug.xcconfig"; sourceTree = "<group>"; };
		A0BA9D17DBD33FB43DD8B677 /* Pods_Words_Factory.framework */ = {isa = PBXFileReference; explicitFileType = wrapper.framework; includeInIndex = 0; path = Pods_Words_Factory.framework; sourceTree = BUILT_PRODUCTS_DIR; };
		A93C148727F00AA400299004 /* Words Factory.app */ = {isa = PBXFileReference; explicitFileType = wrapper.application; includeInIndex = 0; path = "Words Factory.app"; sourceTree = BUILT_PRODUCTS_DIR; };
		A93C148A27F00AA400299004 /* AppDelegate.swift */ = {isa = PBXFileReference; lastKnownFileType = sourcecode.swift; path = AppDelegate.swift; sourceTree = "<group>"; };
		A93C148C27F00AA400299004 /* SceneDelegate.swift */ = {isa = PBXFileReference; lastKnownFileType = sourcecode.swift; path = SceneDelegate.swift; sourceTree = "<group>"; };
		A93C149327F00AA500299004 /* Assets.xcassets */ = {isa = PBXFileReference; lastKnownFileType = folder.assetcatalog; path = Assets.xcassets; sourceTree = "<group>"; };
		A93C149627F00AA500299004 /* Base */ = {isa = PBXFileReference; lastKnownFileType = file.storyboard; name = Base; path = Base.lproj/LaunchScreen.storyboard; sourceTree = "<group>"; };
		A93C149827F00AA500299004 /* Info.plist */ = {isa = PBXFileReference; lastKnownFileType = text.plist.xml; path = Info.plist; sourceTree = "<group>"; };
		A966876D27F1099B00B320B3 /* String+AppStrings.swift */ = {isa = PBXFileReference; lastKnownFileType = sourcecode.swift; path = "String+AppStrings.swift"; sourceTree = "<group>"; };
		A966876F27F109C600B320B3 /* UIColor+AppColors.swift */ = {isa = PBXFileReference; lastKnownFileType = sourcecode.swift; path = "UIColor+AppColors.swift"; sourceTree = "<group>"; };
		A966877127F109EB00B320B3 /* UIImage+AppImages.swift */ = {isa = PBXFileReference; lastKnownFileType = sourcecode.swift; path = "UIImage+AppImages.swift"; sourceTree = "<group>"; };
		A966877327F10A2200B320B3 /* Dimensions.swift */ = {isa = PBXFileReference; lastKnownFileType = sourcecode.swift; path = Dimensions.swift; sourceTree = "<group>"; };
		A966877527F10A3E00B320B3 /* UIFont+RubikFont.swift */ = {isa = PBXFileReference; lastKnownFileType = sourcecode.swift; path = "UIFont+RubikFont.swift"; sourceTree = "<group>"; };
		A966877827F1142500B320B3 /* Rubik-Bold.ttf */ = {isa = PBXFileReference; lastKnownFileType = file; path = "Rubik-Bold.ttf"; sourceTree = "<group>"; };
		A966877927F1142500B320B3 /* Rubik-Regular.ttf */ = {isa = PBXFileReference; lastKnownFileType = file; path = "Rubik-Regular.ttf"; sourceTree = "<group>"; };
		A966877A27F1142500B320B3 /* Rubik-Medium.ttf */ = {isa = PBXFileReference; lastKnownFileType = file; path = "Rubik-Medium.ttf"; sourceTree = "<group>"; };
		A966878027F1287D00B320B3 /* Dependencies.swift */ = {isa = PBXFileReference; lastKnownFileType = sourcecode.swift; path = Dependencies.swift; sourceTree = "<group>"; };
		A966878227F1288800B320B3 /* NetworkService.swift */ = {isa = PBXFileReference; lastKnownFileType = sourcecode.swift; path = NetworkService.swift; sourceTree = "<group>"; };
		A966878527F129FE00B320B3 /* Coordinator.swift */ = {isa = PBXFileReference; lastKnownFileType = sourcecode.swift; path = Coordinator.swift; sourceTree = "<group>"; };
		A966878727F12B1A00B320B3 /* AppCoordinator.swift */ = {isa = PBXFileReference; lastKnownFileType = sourcecode.swift; path = AppCoordinator.swift; sourceTree = "<group>"; };
		A966878B27F2104100B320B3 /* OnboardingCoordinator.swift */ = {isa = PBXFileReference; lastKnownFileType = sourcecode.swift; path = OnboardingCoordinator.swift; sourceTree = "<group>"; };
		A966879127F215C300B320B3 /* OnboardingViewController.swift */ = {isa = PBXFileReference; lastKnownFileType = sourcecode.swift; path = OnboardingViewController.swift; sourceTree = "<group>"; };
		A966879327F215F100B320B3 /* OnboardingViewModel.swift */ = {isa = PBXFileReference; lastKnownFileType = sourcecode.swift; path = OnboardingViewModel.swift; sourceTree = "<group>"; };
		A966879527F2166400B320B3 /* PageControl.swift */ = {isa = PBXFileReference; lastKnownFileType = sourcecode.swift; path = PageControl.swift; sourceTree = "<group>"; };
		A966879727F2169D00B320B3 /* OnboardingSlideCell.swift */ = {isa = PBXFileReference; lastKnownFileType = sourcecode.swift; path = OnboardingSlideCell.swift; sourceTree = "<group>"; };
		A966879927F216C200B320B3 /* OnboardingSlideCellViewModel.swift */ = {isa = PBXFileReference; lastKnownFileType = sourcecode.swift; path = OnboardingSlideCellViewModel.swift; sourceTree = "<group>"; };
		A966879B27F216D600B320B3 /* OnboardingSlide.swift */ = {isa = PBXFileReference; lastKnownFileType = sourcecode.swift; path = OnboardingSlide.swift; sourceTree = "<group>"; };
		EA3F547F9916CF3CB09DCAF9 /* Pods-Words Factory.release.xcconfig */ = {isa = PBXFileReference; includeInIndex = 1; lastKnownFileType = text.xcconfig; name = "Pods-Words Factory.release.xcconfig"; path = "Target Support Files/Pods-Words Factory/Pods-Words Factory.release.xcconfig"; sourceTree = "<group>"; };
/* End PBXFileReference section */

/* Begin PBXFrameworksBuildPhase section */
		A93C148427F00AA400299004 /* Frameworks */ = {
			isa = PBXFrameworksBuildPhase;
			buildActionMask = 2147483647;
			files = (
				281B818762DB472266D61C9C /* Pods_Words_Factory.framework in Frameworks */,
			);
			runOnlyForDeploymentPostprocessing = 0;
		};
/* End PBXFrameworksBuildPhase section */

/* Begin PBXGroup section */
		7EEF967752E61CB05740D189 /* Pods */ = {
			isa = PBXGroup;
			children = (
				1A40869135E60F5C3F38727C /* Pods-Words Factory.debug.xcconfig */,
				EA3F547F9916CF3CB09DCAF9 /* Pods-Words Factory.release.xcconfig */,
			);
			path = Pods;
			sourceTree = "<group>";
		};
		89A8DEBD0CC243E2E4012954 /* Frameworks */ = {
			isa = PBXGroup;
			children = (
				A0BA9D17DBD33FB43DD8B677 /* Pods_Words_Factory.framework */,
			);
			name = Frameworks;
			sourceTree = "<group>";
		};
		A93C147E27F00AA400299004 = {
			isa = PBXGroup;
			children = (
				A93C148927F00AA400299004 /* Words Factory */,
				A93C148827F00AA400299004 /* Products */,
				7EEF967752E61CB05740D189 /* Pods */,
				89A8DEBD0CC243E2E4012954 /* Frameworks */,
			);
			sourceTree = "<group>";
		};
		A93C148827F00AA400299004 /* Products */ = {
			isa = PBXGroup;
			children = (
				A93C148727F00AA400299004 /* Words Factory.app */,
			);
			name = Products;
			sourceTree = "<group>";
		};
		A93C148927F00AA400299004 /* Words Factory */ = {
			isa = PBXGroup;
			children = (
				A966878427F129E200B320B3 /* Support */,
				A966877727F1140E00B320B3 /* Fonts */,
				A966876B27F1096800B320B3 /* Scenes */,
				A93C148A27F00AA400299004 /* AppDelegate.swift */,
				A93C148C27F00AA400299004 /* SceneDelegate.swift */,
				A93C149327F00AA500299004 /* Assets.xcassets */,
				A93C149827F00AA500299004 /* Info.plist */,
			);
			path = "Words Factory";
			sourceTree = "<group>";
		};
		A966876B27F1096800B320B3 /* Scenes */ = {
			isa = PBXGroup;
			children = (
				A966878A27F2102E00B320B3 /* Onboarding */,
				A93C149527F00AA500299004 /* LaunchScreen.storyboard */,
				A966878727F12B1A00B320B3 /* AppCoordinator.swift */,
			);
			path = Scenes;
			sourceTree = "<group>";
		};
		A966876C27F1097300B320B3 /* Constants */ = {
			isa = PBXGroup;
			children = (
				A966877327F10A2200B320B3 /* Dimensions.swift */,
			);
			path = Constants;
			sourceTree = "<group>";
		};
		A966877727F1140E00B320B3 /* Fonts */ = {
			isa = PBXGroup;
			children = (
				A966877827F1142500B320B3 /* Rubik-Bold.ttf */,
				A966877A27F1142500B320B3 /* Rubik-Medium.ttf */,
				A966877927F1142500B320B3 /* Rubik-Regular.ttf */,
			);
			path = Fonts;
			sourceTree = "<group>";
		};
		A966877F27F1287200B320B3 /* Services */ = {
			isa = PBXGroup;
			children = (
				A966878227F1288800B320B3 /* NetworkService.swift */,
			);
			path = Services;
			sourceTree = "<group>";
		};
		A966878427F129E200B320B3 /* Support */ = {
			isa = PBXGroup;
			children = (
				A966876C27F1097300B320B3 /* Constants */,
				A966878927F12EAE00B320B3 /* Extensions */,
				A966877F27F1287200B320B3 /* Services */,
				A966879027F215A700B320B3 /* Views */,
				A966878027F1287D00B320B3 /* Dependencies.swift */,
				A966878527F129FE00B320B3 /* Coordinator.swift */,
			);
			path = Support;
			sourceTree = "<group>";
		};
		A966878927F12EAE00B320B3 /* Extensions */ = {
			isa = PBXGroup;
			children = (
				A966876D27F1099B00B320B3 /* String+AppStrings.swift */,
				A966876F27F109C600B320B3 /* UIColor+AppColors.swift */,
				A966877127F109EB00B320B3 /* UIImage+AppImages.swift */,
				A966877527F10A3E00B320B3 /* UIFont+RubikFont.swift */,
			);
			path = Extensions;
			sourceTree = "<group>";
		};
		A966878A27F2102E00B320B3 /* Onboarding */ = {
			isa = PBXGroup;
			children = (
				A966878D27F2104400B320B3 /* Model */,
				A966878E27F2104E00B320B3 /* ViewModel */,
				A966878F27F2105500B320B3 /* View */,
				A966878B27F2104100B320B3 /* OnboardingCoordinator.swift */,
			);
			path = Onboarding;
			sourceTree = "<group>";
		};
		A966878D27F2104400B320B3 /* Model */ = {
			isa = PBXGroup;
			children = (
				A966879B27F216D600B320B3 /* OnboardingSlide.swift */,
			);
			path = Model;
			sourceTree = "<group>";
		};
		A966878E27F2104E00B320B3 /* ViewModel */ = {
			isa = PBXGroup;
			children = (
				A966879327F215F100B320B3 /* OnboardingViewModel.swift */,
				A966879927F216C200B320B3 /* OnboardingSlideCellViewModel.swift */,
			);
			path = ViewModel;
			sourceTree = "<group>";
		};
		A966878F27F2105500B320B3 /* View */ = {
			isa = PBXGroup;
			children = (
				A966879127F215C300B320B3 /* OnboardingViewController.swift */,
				A966879727F2169D00B320B3 /* OnboardingSlideCell.swift */,
			);
			path = View;
			sourceTree = "<group>";
		};
		A966879027F215A700B320B3 /* Views */ = {
			isa = PBXGroup;
			children = (
				A966879527F2166400B320B3 /* PageControl.swift */,
			);
			path = Views;
			sourceTree = "<group>";
		};
/* End PBXGroup section */

/* Begin PBXNativeTarget section */
		A93C148627F00AA400299004 /* Words Factory */ = {
			isa = PBXNativeTarget;
			buildConfigurationList = A93C149B27F00AA500299004 /* Build configuration list for PBXNativeTarget "Words Factory" */;
			buildPhases = (
				1B1A9D4B0E6F7B5A94450AA7 /* [CP] Check Pods Manifest.lock */,
				A93C148327F00AA400299004 /* Sources */,
				A93C148427F00AA400299004 /* Frameworks */,
				A93C148527F00AA400299004 /* Resources */,
				36657D2C207CA18D80BC9561 /* [CP] Embed Pods Frameworks */,
			);
			buildRules = (
			);
			dependencies = (
			);
			name = "Words Factory";
			productName = "Words Factory";
			productReference = A93C148727F00AA400299004 /* Words Factory.app */;
			productType = "com.apple.product-type.application";
		};
/* End PBXNativeTarget section */

/* Begin PBXProject section */
		A93C147F27F00AA400299004 /* Project object */ = {
			isa = PBXProject;
			attributes = {
				BuildIndependentTargetsInParallel = 1;
				LastSwiftUpdateCheck = 1330;
				LastUpgradeCheck = 1330;
				TargetAttributes = {
					A93C148627F00AA400299004 = {
						CreatedOnToolsVersion = 13.3;
					};
				};
			};
			buildConfigurationList = A93C148227F00AA400299004 /* Build configuration list for PBXProject "Words Factory" */;
			compatibilityVersion = "Xcode 13.0";
			developmentRegion = en;
			hasScannedForEncodings = 0;
			knownRegions = (
				en,
				Base,
			);
			mainGroup = A93C147E27F00AA400299004;
			productRefGroup = A93C148827F00AA400299004 /* Products */;
			projectDirPath = "";
			projectRoot = "";
			targets = (
				A93C148627F00AA400299004 /* Words Factory */,
			);
		};
/* End PBXProject section */

/* Begin PBXResourcesBuildPhase section */
		A93C148527F00AA400299004 /* Resources */ = {
			isa = PBXResourcesBuildPhase;
			buildActionMask = 2147483647;
			files = (
				A93C149727F00AA500299004 /* LaunchScreen.storyboard in Resources */,
				A966877C27F1142500B320B3 /* Rubik-Regular.ttf in Resources */,
				A966877B27F1142500B320B3 /* Rubik-Bold.ttf in Resources */,
				A93C149427F00AA500299004 /* Assets.xcassets in Resources */,
				A966877D27F1142500B320B3 /* Rubik-Medium.ttf in Resources */,
			);
			runOnlyForDeploymentPostprocessing = 0;
		};
/* End PBXResourcesBuildPhase section */

/* Begin PBXShellScriptBuildPhase section */
		1B1A9D4B0E6F7B5A94450AA7 /* [CP] Check Pods Manifest.lock */ = {
			isa = PBXShellScriptBuildPhase;
			buildActionMask = 2147483647;
			files = (
			);
			inputFileListPaths = (
			);
			inputPaths = (
				"${PODS_PODFILE_DIR_PATH}/Podfile.lock",
				"${PODS_ROOT}/Manifest.lock",
			);
			name = "[CP] Check Pods Manifest.lock";
			outputFileListPaths = (
			);
			outputPaths = (
				"$(DERIVED_FILE_DIR)/Pods-Words Factory-checkManifestLockResult.txt",
			);
			runOnlyForDeploymentPostprocessing = 0;
			shellPath = /bin/sh;
			shellScript = "diff \"${PODS_PODFILE_DIR_PATH}/Podfile.lock\" \"${PODS_ROOT}/Manifest.lock\" > /dev/null\nif [ $? != 0 ] ; then\n    # print error to STDERR\n    echo \"error: The sandbox is not in sync with the Podfile.lock. Run 'pod install' or update your CocoaPods installation.\" >&2\n    exit 1\nfi\n# This output is used by Xcode 'outputs' to avoid re-running this script phase.\necho \"SUCCESS\" > \"${SCRIPT_OUTPUT_FILE_0}\"\n";
			showEnvVarsInLog = 0;
		};
		36657D2C207CA18D80BC9561 /* [CP] Embed Pods Frameworks */ = {
			isa = PBXShellScriptBuildPhase;
			buildActionMask = 2147483647;
			files = (
			);
			inputFileListPaths = (
				"${PODS_ROOT}/Target Support Files/Pods-Words Factory/Pods-Words Factory-frameworks-${CONFIGURATION}-input-files.xcfilelist",
			);
			name = "[CP] Embed Pods Frameworks";
			outputFileListPaths = (
				"${PODS_ROOT}/Target Support Files/Pods-Words Factory/Pods-Words Factory-frameworks-${CONFIGURATION}-output-files.xcfilelist",
			);
			runOnlyForDeploymentPostprocessing = 0;
			shellPath = /bin/sh;
			shellScript = "\"${PODS_ROOT}/Target Support Files/Pods-Words Factory/Pods-Words Factory-frameworks.sh\"\n";
			showEnvVarsInLog = 0;
		};
/* End PBXShellScriptBuildPhase section */

/* Begin PBXSourcesBuildPhase section */
		A93C148327F00AA400299004 /* Sources */ = {
			isa = PBXSourcesBuildPhase;
			buildActionMask = 2147483647;
			files = (
				A966879227F215C300B320B3 /* OnboardingViewController.swift in Sources */,
				A966878827F12B1A00B320B3 /* AppCoordinator.swift in Sources */,
				A966878C27F2104100B320B3 /* OnboardingCoordinator.swift in Sources */,
				A966878327F1288800B320B3 /* NetworkService.swift in Sources */,
				A966877627F10A3E00B320B3 /* UIFont+RubikFont.swift in Sources */,
				A966879627F2166400B320B3 /* PageControl.swift in Sources */,
				A966879427F215F100B320B3 /* OnboardingViewModel.swift in Sources */,
				A966877227F109EB00B320B3 /* UIImage+AppImages.swift in Sources */,
				A966879827F2169D00B320B3 /* OnboardingSlideCell.swift in Sources */,
				A966878127F1287D00B320B3 /* Dependencies.swift in Sources */,
				A966877027F109C600B320B3 /* UIColor+AppColors.swift in Sources */,
				A966878627F129FE00B320B3 /* Coordinator.swift in Sources */,
				A93C148B27F00AA400299004 /* AppDelegate.swift in Sources */,
				A966876E27F1099B00B320B3 /* String+AppStrings.swift in Sources */,
				A966877427F10A2200B320B3 /* Dimensions.swift in Sources */,
				A966879A27F216C200B320B3 /* OnboardingSlideCellViewModel.swift in Sources */,
				A966879C27F216D600B320B3 /* OnboardingSlide.swift in Sources */,
				A93C148D27F00AA400299004 /* SceneDelegate.swift in Sources */,
			);
			runOnlyForDeploymentPostprocessing = 0;
		};
/* End PBXSourcesBuildPhase section */

/* Begin PBXVariantGroup section */
		A93C149527F00AA500299004 /* LaunchScreen.storyboard */ = {
			isa = PBXVariantGroup;
			children = (
				A93C149627F00AA500299004 /* Base */,
			);
			name = LaunchScreen.storyboard;
			sourceTree = "<group>";
		};
/* End PBXVariantGroup section */

/* Begin XCBuildConfiguration section */
		A93C149927F00AA500299004 /* Debug */ = {
			isa = XCBuildConfiguration;
			buildSettings = {
				ALWAYS_SEARCH_USER_PATHS = NO;
				CLANG_ANALYZER_NONNULL = YES;
				CLANG_ANALYZER_NUMBER_OBJECT_CONVERSION = YES_AGGRESSIVE;
				CLANG_CXX_LANGUAGE_STANDARD = "gnu++17";
				CLANG_ENABLE_MODULES = YES;
				CLANG_ENABLE_OBJC_ARC = YES;
				CLANG_ENABLE_OBJC_WEAK = YES;
				CLANG_WARN_BLOCK_CAPTURE_AUTORELEASING = YES;
				CLANG_WARN_BOOL_CONVERSION = YES;
				CLANG_WARN_COMMA = YES;
				CLANG_WARN_CONSTANT_CONVERSION = YES;
				CLANG_WARN_DEPRECATED_OBJC_IMPLEMENTATIONS = YES;
				CLANG_WARN_DIRECT_OBJC_ISA_USAGE = YES_ERROR;
				CLANG_WARN_DOCUMENTATION_COMMENTS = YES;
				CLANG_WARN_EMPTY_BODY = YES;
				CLANG_WARN_ENUM_CONVERSION = YES;
				CLANG_WARN_INFINITE_RECURSION = YES;
				CLANG_WARN_INT_CONVERSION = YES;
				CLANG_WARN_NON_LITERAL_NULL_CONVERSION = YES;
				CLANG_WARN_OBJC_IMPLICIT_RETAIN_SELF = YES;
				CLANG_WARN_OBJC_LITERAL_CONVERSION = YES;
				CLANG_WARN_OBJC_ROOT_CLASS = YES_ERROR;
				CLANG_WARN_QUOTED_INCLUDE_IN_FRAMEWORK_HEADER = YES;
				CLANG_WARN_RANGE_LOOP_ANALYSIS = YES;
				CLANG_WARN_STRICT_PROTOTYPES = YES;
				CLANG_WARN_SUSPICIOUS_MOVE = YES;
				CLANG_WARN_UNGUARDED_AVAILABILITY = YES_AGGRESSIVE;
				CLANG_WARN_UNREACHABLE_CODE = YES;
				CLANG_WARN__DUPLICATE_METHOD_MATCH = YES;
				COPY_PHASE_STRIP = NO;
				DEBUG_INFORMATION_FORMAT = dwarf;
				ENABLE_STRICT_OBJC_MSGSEND = YES;
				ENABLE_TESTABILITY = YES;
				GCC_C_LANGUAGE_STANDARD = gnu11;
				GCC_DYNAMIC_NO_PIC = NO;
				GCC_NO_COMMON_BLOCKS = YES;
				GCC_OPTIMIZATION_LEVEL = 0;
				GCC_PREPROCESSOR_DEFINITIONS = (
					"DEBUG=1",
					"$(inherited)",
				);
				GCC_WARN_64_TO_32_BIT_CONVERSION = YES;
				GCC_WARN_ABOUT_RETURN_TYPE = YES_ERROR;
				GCC_WARN_UNDECLARED_SELECTOR = YES;
				GCC_WARN_UNINITIALIZED_AUTOS = YES_AGGRESSIVE;
				GCC_WARN_UNUSED_FUNCTION = YES;
				GCC_WARN_UNUSED_VARIABLE = YES;
				IPHONEOS_DEPLOYMENT_TARGET = 13.6;
				MTL_ENABLE_DEBUG_INFO = INCLUDE_SOURCE;
				MTL_FAST_MATH = YES;
				ONLY_ACTIVE_ARCH = YES;
				SDKROOT = iphoneos;
				SWIFT_ACTIVE_COMPILATION_CONDITIONS = DEBUG;
				SWIFT_OPTIMIZATION_LEVEL = "-Onone";
			};
			name = Debug;
		};
		A93C149A27F00AA500299004 /* Release */ = {
			isa = XCBuildConfiguration;
			buildSettings = {
				ALWAYS_SEARCH_USER_PATHS = NO;
				CLANG_ANALYZER_NONNULL = YES;
				CLANG_ANALYZER_NUMBER_OBJECT_CONVERSION = YES_AGGRESSIVE;
				CLANG_CXX_LANGUAGE_STANDARD = "gnu++17";
				CLANG_ENABLE_MODULES = YES;
				CLANG_ENABLE_OBJC_ARC = YES;
				CLANG_ENABLE_OBJC_WEAK = YES;
				CLANG_WARN_BLOCK_CAPTURE_AUTORELEASING = YES;
				CLANG_WARN_BOOL_CONVERSION = YES;
				CLANG_WARN_COMMA = YES;
				CLANG_WARN_CONSTANT_CONVERSION = YES;
				CLANG_WARN_DEPRECATED_OBJC_IMPLEMENTATIONS = YES;
				CLANG_WARN_DIRECT_OBJC_ISA_USAGE = YES_ERROR;
				CLANG_WARN_DOCUMENTATION_COMMENTS = YES;
				CLANG_WARN_EMPTY_BODY = YES;
				CLANG_WARN_ENUM_CONVERSION = YES;
				CLANG_WARN_INFINITE_RECURSION = YES;
				CLANG_WARN_INT_CONVERSION = YES;
				CLANG_WARN_NON_LITERAL_NULL_CONVERSION = YES;
				CLANG_WARN_OBJC_IMPLICIT_RETAIN_SELF = YES;
				CLANG_WARN_OBJC_LITERAL_CONVERSION = YES;
				CLANG_WARN_OBJC_ROOT_CLASS = YES_ERROR;
				CLANG_WARN_QUOTED_INCLUDE_IN_FRAMEWORK_HEADER = YES;
				CLANG_WARN_RANGE_LOOP_ANALYSIS = YES;
				CLANG_WARN_STRICT_PROTOTYPES = YES;
				CLANG_WARN_SUSPICIOUS_MOVE = YES;
				CLANG_WARN_UNGUARDED_AVAILABILITY = YES_AGGRESSIVE;
				CLANG_WARN_UNREACHABLE_CODE = YES;
				CLANG_WARN__DUPLICATE_METHOD_MATCH = YES;
				COPY_PHASE_STRIP = NO;
				DEBUG_INFORMATION_FORMAT = "dwarf-with-dsym";
				ENABLE_NS_ASSERTIONS = NO;
				ENABLE_STRICT_OBJC_MSGSEND = YES;
				GCC_C_LANGUAGE_STANDARD = gnu11;
				GCC_NO_COMMON_BLOCKS = YES;
				GCC_WARN_64_TO_32_BIT_CONVERSION = YES;
				GCC_WARN_ABOUT_RETURN_TYPE = YES_ERROR;
				GCC_WARN_UNDECLARED_SELECTOR = YES;
				GCC_WARN_UNINITIALIZED_AUTOS = YES_AGGRESSIVE;
				GCC_WARN_UNUSED_FUNCTION = YES;
				GCC_WARN_UNUSED_VARIABLE = YES;
				IPHONEOS_DEPLOYMENT_TARGET = 13.6;
				MTL_ENABLE_DEBUG_INFO = NO;
				MTL_FAST_MATH = YES;
				SDKROOT = iphoneos;
				SWIFT_COMPILATION_MODE = wholemodule;
				SWIFT_OPTIMIZATION_LEVEL = "-O";
				VALIDATE_PRODUCT = YES;
			};
			name = Release;
		};
		A93C149C27F00AA500299004 /* Debug */ = {
			isa = XCBuildConfiguration;
			baseConfigurationReference = 1A40869135E60F5C3F38727C /* Pods-Words Factory.debug.xcconfig */;
			buildSettings = {
				ASSETCATALOG_COMPILER_APPICON_NAME = AppIcon;
				ASSETCATALOG_COMPILER_GLOBAL_ACCENT_COLOR_NAME = AccentColor;
				CODE_SIGN_STYLE = Automatic;
				CURRENT_PROJECT_VERSION = 1;
				DEVELOPMENT_TEAM = LC826B8LG8;
				GENERATE_INFOPLIST_FILE = YES;
				INFOPLIST_FILE = "Words Factory/Info.plist";
				INFOPLIST_KEY_UIApplicationSupportsIndirectInputEvents = YES;
				INFOPLIST_KEY_UILaunchStoryboardName = LaunchScreen;
				INFOPLIST_KEY_UISupportedInterfaceOrientations = UIInterfaceOrientationPortrait;
				INFOPLIST_KEY_UISupportedInterfaceOrientations_iPad = "UIInterfaceOrientationPortrait UIInterfaceOrientationPortraitUpsideDown UIInterfaceOrientationLandscapeLeft UIInterfaceOrientationLandscapeRight";
				INFOPLIST_KEY_UISupportedInterfaceOrientations_iPhone = UIInterfaceOrientationPortrait;
				LD_RUNPATH_SEARCH_PATHS = (
					"$(inherited)",
					"@executable_path/Frameworks",
				);
				MARKETING_VERSION = 1.0;
				PRODUCT_BUNDLE_IDENTIFIER = "Xoxo.Words-Factory";
				PRODUCT_NAME = "$(TARGET_NAME)";
				SWIFT_EMIT_LOC_STRINGS = YES;
				SWIFT_VERSION = 5.0;
				TARGETED_DEVICE_FAMILY = 1;
			};
			name = Debug;
		};
		A93C149D27F00AA500299004 /* Release */ = {
			isa = XCBuildConfiguration;
			baseConfigurationReference = EA3F547F9916CF3CB09DCAF9 /* Pods-Words Factory.release.xcconfig */;
			buildSettings = {
				ASSETCATALOG_COMPILER_APPICON_NAME = AppIcon;
				ASSETCATALOG_COMPILER_GLOBAL_ACCENT_COLOR_NAME = AccentColor;
				CODE_SIGN_STYLE = Automatic;
				CURRENT_PROJECT_VERSION = 1;
				DEVELOPMENT_TEAM = LC826B8LG8;
				GENERATE_INFOPLIST_FILE = YES;
				INFOPLIST_FILE = "Words Factory/Info.plist";
				INFOPLIST_KEY_UIApplicationSupportsIndirectInputEvents = YES;
				INFOPLIST_KEY_UILaunchStoryboardName = LaunchScreen;
				INFOPLIST_KEY_UISupportedInterfaceOrientations = UIInterfaceOrientationPortrait;
				INFOPLIST_KEY_UISupportedInterfaceOrientations_iPad = "UIInterfaceOrientationPortrait UIInterfaceOrientationPortraitUpsideDown UIInterfaceOrientationLandscapeLeft UIInterfaceOrientationLandscapeRight";
				INFOPLIST_KEY_UISupportedInterfaceOrientations_iPhone = UIInterfaceOrientationPortrait;
				LD_RUNPATH_SEARCH_PATHS = (
					"$(inherited)",
					"@executable_path/Frameworks",
				);
				MARKETING_VERSION = 1.0;
				PRODUCT_BUNDLE_IDENTIFIER = "Xoxo.Words-Factory";
				PRODUCT_NAME = "$(TARGET_NAME)";
				SWIFT_EMIT_LOC_STRINGS = YES;
				SWIFT_VERSION = 5.0;
				TARGETED_DEVICE_FAMILY = 1;
			};
			name = Release;
		};
/* End XCBuildConfiguration section */

/* Begin XCConfigurationList section */
		A93C148227F00AA400299004 /* Build configuration list for PBXProject "Words Factory" */ = {
			isa = XCConfigurationList;
			buildConfigurations = (
				A93C149927F00AA500299004 /* Debug */,
				A93C149A27F00AA500299004 /* Release */,
			);
			defaultConfigurationIsVisible = 0;
			defaultConfigurationName = Release;
		};
		A93C149B27F00AA500299004 /* Build configuration list for PBXNativeTarget "Words Factory" */ = {
			isa = XCConfigurationList;
			buildConfigurations = (
				A93C149C27F00AA500299004 /* Debug */,
				A93C149D27F00AA500299004 /* Release */,
			);
			defaultConfigurationIsVisible = 0;
			defaultConfigurationName = Release;
		};
/* End XCConfigurationList section */
	};
	rootObject = A93C147F27F00AA400299004 /* Project object */;
}
